// !$*UTF8*$!
{
	archiveVersion = 1;
	classes = {
	};
	objectVersion = 46;
	objects = {

/* Begin PBXBuildFile section */
		2D065B4E1C53BFA500282CFD /* Lectures.plist in Resources */ = {isa = PBXBuildFile; fileRef = 2D065B4D1C53BFA500282CFD /* Lectures.plist */; };
		2D1C55ED1C3FA7030002514D /* Assets.xcassets in Resources */ = {isa = PBXBuildFile; fileRef = 2D1C55EC1C3FA7030002514D /* Assets.xcassets */; };
		2D1D01E71C3EA3910056B10C /* Main.storyboard in Resources */ = {isa = PBXBuildFile; fileRef = 2D1D01E51C3EA3910056B10C /* Main.storyboard */; };
		2D1D01EC1C3EA3910056B10C /* LaunchScreen.storyboard in Resources */ = {isa = PBXBuildFile; fileRef = 2D1D01EA1C3EA3910056B10C /* LaunchScreen.storyboard */; };
		2D1D01F71C3EA3910056B10C /* LectureTests.m in Sources */ = {isa = PBXBuildFile; fileRef = 2D1D01F61C3EA3910056B10C /* LectureTests.m */; };
		2D1D02021C3EA3910056B10C /* LectureUITests.m in Sources */ = {isa = PBXBuildFile; fileRef = 2D1D02011C3EA3910056B10C /* LectureUITests.m */; };
		2D253DF81C44F8EE006AD55E /* Questions.plist in Resources */ = {isa = PBXBuildFile; fileRef = 2D253DF71C44F8EE006AD55E /* Questions.plist */; };
		2D5AB4371C49256900B1578B /* Experts.plist in Resources */ = {isa = PBXBuildFile; fileRef = 2D5AB4361C49256900B1578B /* Experts.plist */; };
		2D6308D21C549B2F0092F622 /* XXExpertProfileVC.m in Sources */ = {isa = PBXBuildFile; fileRef = 2D63084F1C549B2F0092F622 /* XXExpertProfileVC.m */; };
		2D6308D31C549B2F0092F622 /* XXHomeVC.m in Sources */ = {isa = PBXBuildFile; fileRef = 2D6308511C549B2F0092F622 /* XXHomeVC.m */; };
		2D6308D41C549B2F0092F622 /* XXLectureJoinVC（讲座前）.m in Sources */ = {isa = PBXBuildFile; fileRef = 2D6308531C549B2F0092F622 /* XXLectureJoinVC（讲座前）.m */; };
		2D6308D51C549B2F0092F622 /* XXLectureVC（讲座中）.m in Sources */ = {isa = PBXBuildFile; fileRef = 2D6308551C549B2F0092F622 /* XXLectureVC（讲座中）.m */; };
		2D6308D61C549B2F0092F622 /* XXPlayerVC.m in Sources */ = {isa = PBXBuildFile; fileRef = 2D6308571C549B2F0092F622 /* XXPlayerVC.m */; };
		2D6308D71C549B2F0092F622 /* XXQuestionVC.m in Sources */ = {isa = PBXBuildFile; fileRef = 2D6308591C549B2F0092F622 /* XXQuestionVC.m */; };
		2D6308D81C549B2F0092F622 /* NSDate+Extension.m in Sources */ = {isa = PBXBuildFile; fileRef = 2D63085D1C549B2F0092F622 /* NSDate+Extension.m */; };
		2D6308D91C549B2F0092F622 /* NSString+CZ.m in Sources */ = {isa = PBXBuildFile; fileRef = 2D63085F1C549B2F0092F622 /* NSString+CZ.m */; };
		2D6308DA1C549B2F0092F622 /* NSString+Emoji.m in Sources */ = {isa = PBXBuildFile; fileRef = 2D6308611C549B2F0092F622 /* NSString+Emoji.m */; };
		2D6308DB1C549B2F0092F622 /* NSString+Extension.m in Sources */ = {isa = PBXBuildFile; fileRef = 2D6308631C549B2F0092F622 /* NSString+Extension.m */; };
		2D6308DC1C549B2F0092F622 /* UIBarButtonItem+Extension.m in Sources */ = {isa = PBXBuildFile; fileRef = 2D6308651C549B2F0092F622 /* UIBarButtonItem+Extension.m */; };
		2D6308DD1C549B2F0092F622 /* UIButton+CZ.m in Sources */ = {isa = PBXBuildFile; fileRef = 2D6308671C549B2F0092F622 /* UIButton+CZ.m */; };
		2D6308DE1C549B2F0092F622 /* UIImage+CX.m in Sources */ = {isa = PBXBuildFile; fileRef = 2D6308691C549B2F0092F622 /* UIImage+CX.m */; };
		2D6308DF1C549B2F0092F622 /* UITextView+Extension.m in Sources */ = {isa = PBXBuildFile; fileRef = 2D63086B1C549B2F0092F622 /* UITextView+Extension.m */; };
		2D6308E01C549B2F0092F622 /* UIView+Extension.m in Sources */ = {isa = PBXBuildFile; fileRef = 2D63086D1C549B2F0092F622 /* UIView+Extension.m */; };
		2D6308E11C549B2F0092F622 /* XXNavigationController.m in Sources */ = {isa = PBXBuildFile; fileRef = 2D6308711C549B2F0092F622 /* XXNavigationController.m */; };
		2D6308E21C549B2F0092F622 /* MBProgressHUD+CZ.m in Sources */ = {isa = PBXBuildFile; fileRef = 2D6308751C549B2F0092F622 /* MBProgressHUD+CZ.m */; };
		2D6308E31C549B2F0092F622 /* MBProgressHUD.bundle in Resources */ = {isa = PBXBuildFile; fileRef = 2D6308761C549B2F0092F622 /* MBProgressHUD.bundle */; };
		2D6308E41C549B2F0092F622 /* MBProgressHUD.m in Sources */ = {isa = PBXBuildFile; fileRef = 2D6308781C549B2F0092F622 /* MBProgressHUD.m */; };
		2D6308E51C549B2F0092F622 /* AppDelegate.m in Sources */ = {isa = PBXBuildFile; fileRef = 2D63087D1C549B2F0092F622 /* AppDelegate.m */; };
		2D6308E61C549B2F0092F622 /* main.m in Sources */ = {isa = PBXBuildFile; fileRef = 2D63087E1C549B2F0092F622 /* main.m */; };
		2D6308E71C549B2F0092F622 /* XXConst.m in Sources */ = {isa = PBXBuildFile; fileRef = 2D6308801C549B2F0092F622 /* XXConst.m */; };
		2D6308E81C549B2F0092F622 /* SDBrowserImageView.m in Sources */ = {isa = PBXBuildFile; fileRef = 2D6308861C549B2F0092F622 /* SDBrowserImageView.m */; };
		2D6308E91C549B2F0092F622 /* SDPhotoBrowser.m in Sources */ = {isa = PBXBuildFile; fileRef = 2D6308881C549B2F0092F622 /* SDPhotoBrowser.m */; };
		2D6308EA1C549B2F0092F622 /* SDWaitingView.m in Sources */ = {isa = PBXBuildFile; fileRef = 2D63088B1C549B2F0092F622 /* SDWaitingView.m */; };
		2D6308EB1C549B2F0092F622 /* XXButton.m in Sources */ = {isa = PBXBuildFile; fileRef = 2D63088D1C549B2F0092F622 /* XXButton.m */; };
		2D6308EC1C549B2F0092F622 /* XXExpert.m in Sources */ = {isa = PBXBuildFile; fileRef = 2D6308911C549B2F0092F622 /* XXExpert.m */; };
		2D6308ED1C549B2F0092F622 /* XXMusic.m in Sources */ = {isa = PBXBuildFile; fileRef = 2D6308941C549B2F0092F622 /* XXMusic.m */; };
		2D6308EE1C549B2F0092F622 /* XXQuestion.m in Sources */ = {isa = PBXBuildFile; fileRef = 2D6308971C549B2F0092F622 /* XXQuestion.m */; };
		2D6308EF1C549B2F0092F622 /* XXQuestionFrame.m in Sources */ = {isa = PBXBuildFile; fileRef = 2D6308991C549B2F0092F622 /* XXQuestionFrame.m */; };
		2D6308F01C549B2F0092F622 /* XXQuestionPhoto.m in Sources */ = {isa = PBXBuildFile; fileRef = 2D63089B1C549B2F0092F622 /* XXQuestionPhoto.m */; };
		2D6308F11C549B2F0092F622 /* XXLecture.m in Sources */ = {isa = PBXBuildFile; fileRef = 2D63089D1C549B2F0092F622 /* XXLecture.m */; };
		2D6308F21C549B2F0092F622 /* XXUser.m in Sources */ = {isa = PBXBuildFile; fileRef = 2D63089F1C549B2F0092F622 /* XXUser.m */; };
		2D6308F31C549B2F0092F622 /* LZAlbumCreateVC(提问).m in Sources */ = {isa = PBXBuildFile; fileRef = 2D6308A31C549B2F0092F622 /* LZAlbumCreateVC(提问).m */; };
		2D6308F41C549B2F0092F622 /* LZAlbumCreateVC.xib in Resources */ = {isa = PBXBuildFile; fileRef = 2D6308A41C549B2F0092F622 /* LZAlbumCreateVC.xib */; };
		2D6308F51C549B2F0092F622 /* LZBaseVC.m in Sources */ = {isa = PBXBuildFile; fileRef = 2D6308A61C549B2F0092F622 /* LZBaseVC.m */; };
		2D6308F61C549B2F0092F622 /* XHPhotographyHelper.m in Sources */ = {isa = PBXBuildFile; fileRef = 2D6308AB1C549B2F0092F622 /* XHPhotographyHelper.m */; };
		2D6308F71C549B2F0092F622 /* LZAlbumPhotoCollectionViewCell.m in Sources */ = {isa = PBXBuildFile; fileRef = 2D6308AE1C549B2F0092F622 /* LZAlbumPhotoCollectionViewCell.m */; };
		2D6308F81C549B2F0092F622 /* XXExpertProfileCell.m in Sources */ = {isa = PBXBuildFile; fileRef = 2D6308B31C549B2F0092F622 /* XXExpertProfileCell.m */; };
		2D6308F91C549B2F0092F622 /* XXExpertProfileCell.xib in Resources */ = {isa = PBXBuildFile; fileRef = 2D6308B41C549B2F0092F622 /* XXExpertProfileCell.xib */; };
		2D6308FA1C549B2F0092F622 /* XXExpertProfileHeaderView.m in Sources */ = {isa = PBXBuildFile; fileRef = 2D6308B61C549B2F0092F622 /* XXExpertProfileHeaderView.m */; };
		2D6308FB1C549B2F0092F622 /* XXExpertProfileHeaderView.xib in Resources */ = {isa = PBXBuildFile; fileRef = 2D6308B71C549B2F0092F622 /* XXExpertProfileHeaderView.xib */; };
		2D6308FC1C549B2F0092F622 /* XXCollectionCell.m in Sources */ = {isa = PBXBuildFile; fileRef = 2D6308BA1C549B2F0092F622 /* XXCollectionCell.m */; };
		2D6308FD1C549B2F0092F622 /* XXCollectionView.m in Sources */ = {isa = PBXBuildFile; fileRef = 2D6308BC1C549B2F0092F622 /* XXCollectionView.m */; };
		2D6308FE1C549B2F0092F622 /* XXPlayerMaskView.m in Sources */ = {isa = PBXBuildFile; fileRef = 2D6308BE1C549B2F0092F622 /* XXPlayerMaskView.m */; };
		2D6308FF1C549B2F0092F622 /* XXPlayerPicView.m in Sources */ = {isa = PBXBuildFile; fileRef = 2D6308C01C549B2F0092F622 /* XXPlayerPicView.m */; };
		2D6309001C549B2F0092F622 /* XXPlayerToolBar.m in Sources */ = {isa = PBXBuildFile; fileRef = 2D6308C21C549B2F0092F622 /* XXPlayerToolBar.m */; };
		2D6309011C549B2F0092F622 /* XXJoinLectureActionSheet（报名弹窗）.m in Sources */ = {isa = PBXBuildFile; fileRef = 2D6308C51C549B2F0092F622 /* XXJoinLectureActionSheet（报名弹窗）.m */; };
		2D6309021C549B2F0092F622 /* XXQuestionCell.m in Sources */ = {isa = PBXBuildFile; fileRef = 2D6308C71C549B2F0092F622 /* XXQuestionCell.m */; };
		2D6309031C549B2F0092F622 /* XXQuestionCell.xib in Resources */ = {isa = PBXBuildFile; fileRef = 2D6308C81C549B2F0092F622 /* XXQuestionCell.xib */; };
		2D6309041C549B2F0092F622 /* XXQuestionHeaderView.m in Sources */ = {isa = PBXBuildFile; fileRef = 2D6308CA1C549B2F0092F622 /* XXQuestionHeaderView.m */; };
		2D6309051C549B2F0092F622 /* XXQuestionHeaderView.xib in Resources */ = {isa = PBXBuildFile; fileRef = 2D6308CB1C549B2F0092F622 /* XXQuestionHeaderView.xib */; };
		2D6309061C549B2F0092F622 /* XXQuestionPhotosView(相册).m in Sources */ = {isa = PBXBuildFile; fileRef = 2D6308CC1C549B2F0092F622 /* XXQuestionPhotosView(相册).m */; };
		2D6309071C549B2F0092F622 /* XXQuestionPhotoView(单个照片).m in Sources */ = {isa = PBXBuildFile; fileRef = 2D6308CE1C549B2F0092F622 /* XXQuestionPhotoView(单个照片).m */; };
		2D6309081C549B2F0092F622 /* XXQuestionToolbar.m in Sources */ = {isa = PBXBuildFile; fileRef = 2D6308D11C549B2F0092F622 /* XXQuestionToolbar.m */; };
		2D63090B1C549E340092F622 /* CXTextViewWithPlaceholder.m in Sources */ = {isa = PBXBuildFile; fileRef = 2D63090A1C549E340092F622 /* CXTextViewWithPlaceholder.m */; };
		2D63090F1C54BBF50092F622 /* CurrentUser.plist in Resources */ = {isa = PBXBuildFile; fileRef = 2D63090E1C54BBF50092F622 /* CurrentUser.plist */; };
		2DA99D341C44B0CB00CD02D7 /* 回答问题.mp3 in Resources */ = {isa = PBXBuildFile; fileRef = 2DA99D201C44B0CB00CD02D7 /* 回答问题.mp3 */; };
		2DA99D741C44B75500CD02D7 /* 上呼吸道的概念.png in Resources */ = {isa = PBXBuildFile; fileRef = 2DA99D611C44B75500CD02D7 /* 上呼吸道的概念.png */; };
		2DA99D751C44B75500CD02D7 /* 两种特殊情况.png in Resources */ = {isa = PBXBuildFile; fileRef = 2DA99D621C44B75500CD02D7 /* 两种特殊情况.png */; };
		2DA99D761C44B75500CD02D7 /* 为什么容易感冒.png in Resources */ = {isa = PBXBuildFile; fileRef = 2DA99D631C44B75500CD02D7 /* 为什么容易感冒.png */; };
		2DA99D771C44B75500CD02D7 /* 什么是感冒.png in Resources */ = {isa = PBXBuildFile; fileRef = 2DA99D641C44B75500CD02D7 /* 什么是感冒.png */; };
		2DA99D781C44B75500CD02D7 /* 感冒的原因.png in Resources */ = {isa = PBXBuildFile; fileRef = 2DA99D651C44B75500CD02D7 /* 感冒的原因.png */; };
		2DA99D791C44B75500CD02D7 /* 感冒的症状.png in Resources */ = {isa = PBXBuildFile; fileRef = 2DA99D661C44B75500CD02D7 /* 感冒的症状.png */; };
		2DA99D7A1C44B75500CD02D7 /* 什么是感冒.mp3 in Resources */ = {isa = PBXBuildFile; fileRef = 2DA99D691C44B75500CD02D7 /* 什么是感冒.mp3 */; };
		2DA99D7B1C44B75500CD02D7 /* 上呼吸道的概念.mp3 in Resources */ = {isa = PBXBuildFile; fileRef = 2DA99D6B1C44B75500CD02D7 /* 上呼吸道的概念.mp3 */; };
		2DA99D7C1C44B75500CD02D7 /* 感冒的原因.mp3 in Resources */ = {isa = PBXBuildFile; fileRef = 2DA99D6D1C44B75500CD02D7 /* 感冒的原因.mp3 */; };
		2DA99D7D1C44B75500CD02D7 /* 为什么容易感冒.mp3 in Resources */ = {isa = PBXBuildFile; fileRef = 2DA99D6F1C44B75500CD02D7 /* 为什么容易感冒.mp3 */; };
		2DA99D7E1C44B75500CD02D7 /* 感冒的症状.mp3 in Resources */ = {isa = PBXBuildFile; fileRef = 2DA99D711C44B75500CD02D7 /* 感冒的症状.mp3 */; };
		2DA99D7F1C44B75500CD02D7 /* 两种特殊情况.mp3 in Resources */ = {isa = PBXBuildFile; fileRef = 2DA99D731C44B75500CD02D7 /* 两种特殊情况.mp3 */; };
		2DE5429D1C423C3D00D4D4D9 /* Musics.plist in Resources */ = {isa = PBXBuildFile; fileRef = 2DE542971C423C3D00D4D4D9 /* Musics.plist */; };
		F0107A306C1C733565E157D9 /* libPods.a in Frameworks */ = {isa = PBXBuildFile; fileRef = 2487C46B0BA874F4A9AD1EC0 /* libPods.a */; };
/* End PBXBuildFile section */

/* Begin PBXContainerItemProxy section */
		2D1D01F31C3EA3910056B10C /* PBXContainerItemProxy */ = {
			isa = PBXContainerItemProxy;
			containerPortal = 2D1D01D11C3EA3910056B10C /* Project object */;
			proxyType = 1;
			remoteGlobalIDString = 2D1D01D81C3EA3910056B10C;
			remoteInfo = Lecture;
		};
		2D1D01FE1C3EA3910056B10C /* PBXContainerItemProxy */ = {
			isa = PBXContainerItemProxy;
			containerPortal = 2D1D01D11C3EA3910056B10C /* Project object */;
			proxyType = 1;
			remoteGlobalIDString = 2D1D01D81C3EA3910056B10C;
			remoteInfo = Lecture;
		};
/* End PBXContainerItemProxy section */

/* Begin PBXFileReference section */
		2487C46B0BA874F4A9AD1EC0 /* libPods.a */ = {isa = PBXFileReference; explicitFileType = archive.ar; includeInIndex = 0; path = libPods.a; sourceTree = BUILT_PRODUCTS_DIR; };
		2D065B4D1C53BFA500282CFD /* Lectures.plist */ = {isa = PBXFileReference; fileEncoding = 4; lastKnownFileType = text.plist.xml; path = Lectures.plist; sourceTree = "<group>"; };
		2D1C55EC1C3FA7030002514D /* Assets.xcassets */ = {isa = PBXFileReference; lastKnownFileType = folder.assetcatalog; path = Assets.xcassets; sourceTree = "<group>"; };
		2D1D01D91C3EA3910056B10C /* Lecture.app */ = {isa = PBXFileReference; explicitFileType = wrapper.application; includeInIndex = 0; path = Lecture.app; sourceTree = BUILT_PRODUCTS_DIR; };
		2D1D01E61C3EA3910056B10C /* Base */ = {isa = PBXFileReference; lastKnownFileType = file.storyboard; name = Base; path = Base.lproj/Main.storyboard; sourceTree = "<group>"; };
		2D1D01EB1C3EA3910056B10C /* Base */ = {isa = PBXFileReference; lastKnownFileType = file.storyboard; name = Base; path = Base.lproj/LaunchScreen.storyboard; sourceTree = "<group>"; };
		2D1D01ED1C3EA3910056B10C /* Info.plist */ = {isa = PBXFileReference; lastKnownFileType = text.plist.xml; path = Info.plist; sourceTree = "<group>"; };
		2D1D01F21C3EA3910056B10C /* LectureTests.xctest */ = {isa = PBXFileReference; explicitFileType = wrapper.cfbundle; includeInIndex = 0; path = LectureTests.xctest; sourceTree = BUILT_PRODUCTS_DIR; };
		2D1D01F61C3EA3910056B10C /* LectureTests.m */ = {isa = PBXFileReference; lastKnownFileType = sourcecode.c.objc; path = LectureTests.m; sourceTree = "<group>"; };
		2D1D01F81C3EA3910056B10C /* Info.plist */ = {isa = PBXFileReference; lastKnownFileType = text.plist.xml; path = Info.plist; sourceTree = "<group>"; };
		2D1D01FD1C3EA3910056B10C /* LectureUITests.xctest */ = {isa = PBXFileReference; explicitFileType = wrapper.cfbundle; includeInIndex = 0; path = LectureUITests.xctest; sourceTree = BUILT_PRODUCTS_DIR; };
		2D1D02011C3EA3910056B10C /* LectureUITests.m */ = {isa = PBXFileReference; lastKnownFileType = sourcecode.c.objc; path = LectureUITests.m; sourceTree = "<group>"; };
		2D1D02031C3EA3910056B10C /* Info.plist */ = {isa = PBXFileReference; lastKnownFileType = text.plist.xml; path = Info.plist; sourceTree = "<group>"; };
		2D1D20141C3F733F0093C310 /* PrefixHeader.pch */ = {isa = PBXFileReference; fileEncoding = 4; lastKnownFileType = sourcecode.c.h; path = PrefixHeader.pch; sourceTree = "<group>"; };
		2D253DF71C44F8EE006AD55E /* Questions.plist */ = {isa = PBXFileReference; fileEncoding = 4; lastKnownFileType = text.plist.xml; path = Questions.plist; sourceTree = "<group>"; };
		2D5AB4361C49256900B1578B /* Experts.plist */ = {isa = PBXFileReference; fileEncoding = 4; lastKnownFileType = text.plist.xml; path = Experts.plist; sourceTree = "<group>"; };
		2D63084E1C549B2F0092F622 /* XXExpertProfileVC.h */ = {isa = PBXFileReference; fileEncoding = 4; lastKnownFileType = sourcecode.c.h; path = XXExpertProfileVC.h; sourceTree = "<group>"; };
		2D63084F1C549B2F0092F622 /* XXExpertProfileVC.m */ = {isa = PBXFileReference; fileEncoding = 4; lastKnownFileType = sourcecode.c.objc; path = XXExpertProfileVC.m; sourceTree = "<group>"; };
		2D6308501C549B2F0092F622 /* XXHomeVC.h */ = {isa = PBXFileReference; fileEncoding = 4; lastKnownFileType = sourcecode.c.h; path = XXHomeVC.h; sourceTree = "<group>"; };
		2D6308511C549B2F0092F622 /* XXHomeVC.m */ = {isa = PBXFileReference; fileEncoding = 4; lastKnownFileType = sourcecode.c.objc; path = XXHomeVC.m; sourceTree = "<group>"; };
		2D6308521C549B2F0092F622 /* XXLectureJoinVC.h */ = {isa = PBXFileReference; fileEncoding = 4; lastKnownFileType = sourcecode.c.h; path = XXLectureJoinVC.h; sourceTree = "<group>"; };
		2D6308531C549B2F0092F622 /* XXLectureJoinVC（讲座前）.m */ = {isa = PBXFileReference; fileEncoding = 4; lastKnownFileType = sourcecode.c.objc; path = "XXLectureJoinVC（讲座前）.m"; sourceTree = "<group>"; };
		2D6308541C549B2F0092F622 /* XXLectureVC.h */ = {isa = PBXFileReference; fileEncoding = 4; lastKnownFileType = sourcecode.c.h; path = XXLectureVC.h; sourceTree = "<group>"; };
		2D6308551C549B2F0092F622 /* XXLectureVC（讲座中）.m */ = {isa = PBXFileReference; fileEncoding = 4; lastKnownFileType = sourcecode.c.objc; path = "XXLectureVC（讲座中）.m"; sourceTree = "<group>"; };
		2D6308561C549B2F0092F622 /* XXPlayerVC.h */ = {isa = PBXFileReference; fileEncoding = 4; lastKnownFileType = sourcecode.c.h; path = XXPlayerVC.h; sourceTree = "<group>"; };
		2D6308571C549B2F0092F622 /* XXPlayerVC.m */ = {isa = PBXFileReference; fileEncoding = 4; lastKnownFileType = sourcecode.c.objc; path = XXPlayerVC.m; sourceTree = "<group>"; };
		2D6308581C549B2F0092F622 /* XXQuestionVC.h */ = {isa = PBXFileReference; fileEncoding = 4; lastKnownFileType = sourcecode.c.h; path = XXQuestionVC.h; sourceTree = "<group>"; };
		2D6308591C549B2F0092F622 /* XXQuestionVC.m */ = {isa = PBXFileReference; fileEncoding = 4; lastKnownFileType = sourcecode.c.objc; path = XXQuestionVC.m; sourceTree = "<group>"; };
		2D63085C1C549B2F0092F622 /* NSDate+Extension.h */ = {isa = PBXFileReference; fileEncoding = 4; lastKnownFileType = sourcecode.c.h; path = "NSDate+Extension.h"; sourceTree = "<group>"; };
		2D63085D1C549B2F0092F622 /* NSDate+Extension.m */ = {isa = PBXFileReference; fileEncoding = 4; lastKnownFileType = sourcecode.c.objc; path = "NSDate+Extension.m"; sourceTree = "<group>"; };
		2D63085E1C549B2F0092F622 /* NSString+CZ.h */ = {isa = PBXFileReference; fileEncoding = 4; lastKnownFileType = sourcecode.c.h; path = "NSString+CZ.h"; sourceTree = "<group>"; };
		2D63085F1C549B2F0092F622 /* NSString+CZ.m */ = {isa = PBXFileReference; fileEncoding = 4; lastKnownFileType = sourcecode.c.objc; path = "NSString+CZ.m"; sourceTree = "<group>"; };
		2D6308601C549B2F0092F622 /* NSString+Emoji.h */ = {isa = PBXFileReference; fileEncoding = 4; lastKnownFileType = sourcecode.c.h; path = "NSString+Emoji.h"; sourceTree = "<group>"; };
		2D6308611C549B2F0092F622 /* NSString+Emoji.m */ = {isa = PBXFileReference; fileEncoding = 4; lastKnownFileType = sourcecode.c.objc; path = "NSString+Emoji.m"; sourceTree = "<group>"; };
		2D6308621C549B2F0092F622 /* NSString+Extension.h */ = {isa = PBXFileReference; fileEncoding = 4; lastKnownFileType = sourcecode.c.h; path = "NSString+Extension.h"; sourceTree = "<group>"; };
		2D6308631C549B2F0092F622 /* NSString+Extension.m */ = {isa = PBXFileReference; fileEncoding = 4; lastKnownFileType = sourcecode.c.objc; path = "NSString+Extension.m"; sourceTree = "<group>"; };
		2D6308641C549B2F0092F622 /* UIBarButtonItem+Extension.h */ = {isa = PBXFileReference; fileEncoding = 4; lastKnownFileType = sourcecode.c.h; path = "UIBarButtonItem+Extension.h"; sourceTree = "<group>"; };
		2D6308651C549B2F0092F622 /* UIBarButtonItem+Extension.m */ = {isa = PBXFileReference; fileEncoding = 4; lastKnownFileType = sourcecode.c.objc; path = "UIBarButtonItem+Extension.m"; sourceTree = "<group>"; };
		2D6308661C549B2F0092F622 /* UIButton+CZ.h */ = {isa = PBXFileReference; fileEncoding = 4; lastKnownFileType = sourcecode.c.h; path = "UIButton+CZ.h"; sourceTree = "<group>"; };
		2D6308671C549B2F0092F622 /* UIButton+CZ.m */ = {isa = PBXFileReference; fileEncoding = 4; lastKnownFileType = sourcecode.c.objc; path = "UIButton+CZ.m"; sourceTree = "<group>"; };
		2D6308681C549B2F0092F622 /* UIImage+CX.h */ = {isa = PBXFileReference; fileEncoding = 4; lastKnownFileType = sourcecode.c.h; path = "UIImage+CX.h"; sourceTree = "<group>"; };
		2D6308691C549B2F0092F622 /* UIImage+CX.m */ = {isa = PBXFileReference; fileEncoding = 4; lastKnownFileType = sourcecode.c.objc; path = "UIImage+CX.m"; sourceTree = "<group>"; };
		2D63086A1C549B2F0092F622 /* UITextView+Extension.h */ = {isa = PBXFileReference; fileEncoding = 4; lastKnownFileType = sourcecode.c.h; path = "UITextView+Extension.h"; sourceTree = "<group>"; };
		2D63086B1C549B2F0092F622 /* UITextView+Extension.m */ = {isa = PBXFileReference; fileEncoding = 4; lastKnownFileType = sourcecode.c.objc; path = "UITextView+Extension.m"; sourceTree = "<group>"; };
		2D63086C1C549B2F0092F622 /* UIView+Extension.h */ = {isa = PBXFileReference; fileEncoding = 4; lastKnownFileType = sourcecode.c.h; path = "UIView+Extension.h"; sourceTree = "<group>"; };
		2D63086D1C549B2F0092F622 /* UIView+Extension.m */ = {isa = PBXFileReference; fileEncoding = 4; lastKnownFileType = sourcecode.c.objc; path = "UIView+Extension.m"; sourceTree = "<group>"; };
		2D6308701C549B2F0092F622 /* XXNavigationController.h */ = {isa = PBXFileReference; fileEncoding = 4; lastKnownFileType = sourcecode.c.h; path = XXNavigationController.h; sourceTree = "<group>"; };
		2D6308711C549B2F0092F622 /* XXNavigationController.m */ = {isa = PBXFileReference; fileEncoding = 4; lastKnownFileType = sourcecode.c.objc; path = XXNavigationController.m; sourceTree = "<group>"; };
		2D6308741C549B2F0092F622 /* MBProgressHUD+CZ.h */ = {isa = PBXFileReference; fileEncoding = 4; lastKnownFileType = sourcecode.c.h; path = "MBProgressHUD+CZ.h"; sourceTree = "<group>"; };
		2D6308751C549B2F0092F622 /* MBProgressHUD+CZ.m */ = {isa = PBXFileReference; fileEncoding = 4; lastKnownFileType = sourcecode.c.objc; path = "MBProgressHUD+CZ.m"; sourceTree = "<group>"; };
		2D6308761C549B2F0092F622 /* MBProgressHUD.bundle */ = {isa = PBXFileReference; lastKnownFileType = "wrapper.plug-in"; path = MBProgressHUD.bundle; sourceTree = "<group>"; };
		2D6308771C549B2F0092F622 /* MBProgressHUD.h */ = {isa = PBXFileReference; fileEncoding = 4; lastKnownFileType = sourcecode.c.h; path = MBProgressHUD.h; sourceTree = "<group>"; };
		2D6308781C549B2F0092F622 /* MBProgressHUD.m */ = {isa = PBXFileReference; fileEncoding = 4; lastKnownFileType = sourcecode.c.objc; path = MBProgressHUD.m; sourceTree = "<group>"; };
		2D63087C1C549B2F0092F622 /* AppDelegate.h */ = {isa = PBXFileReference; fileEncoding = 4; lastKnownFileType = sourcecode.c.h; path = AppDelegate.h; sourceTree = "<group>"; };
		2D63087D1C549B2F0092F622 /* AppDelegate.m */ = {isa = PBXFileReference; fileEncoding = 4; lastKnownFileType = sourcecode.c.objc; path = AppDelegate.m; sourceTree = "<group>"; };
		2D63087E1C549B2F0092F622 /* main.m */ = {isa = PBXFileReference; fileEncoding = 4; lastKnownFileType = sourcecode.c.objc; path = main.m; sourceTree = "<group>"; };
		2D63087F1C549B2F0092F622 /* XXConst.h */ = {isa = PBXFileReference; fileEncoding = 4; lastKnownFileType = sourcecode.c.h; path = XXConst.h; sourceTree = "<group>"; };
		2D6308801C549B2F0092F622 /* XXConst.m */ = {isa = PBXFileReference; fileEncoding = 4; lastKnownFileType = sourcecode.c.objc; path = XXConst.m; sourceTree = "<group>"; };
		2D6308821C549B2F0092F622 /* Singleton.h */ = {isa = PBXFileReference; fileEncoding = 4; lastKnownFileType = sourcecode.c.h; path = Singleton.h; sourceTree = "<group>"; };
		2D6308851C549B2F0092F622 /* SDBrowserImageView.h */ = {isa = PBXFileReference; fileEncoding = 4; lastKnownFileType = sourcecode.c.h; path = SDBrowserImageView.h; sourceTree = "<group>"; };
		2D6308861C549B2F0092F622 /* SDBrowserImageView.m */ = {isa = PBXFileReference; fileEncoding = 4; lastKnownFileType = sourcecode.c.objc; path = SDBrowserImageView.m; sourceTree = "<group>"; };
		2D6308871C549B2F0092F622 /* SDPhotoBrowser.h */ = {isa = PBXFileReference; fileEncoding = 4; lastKnownFileType = sourcecode.c.h; path = SDPhotoBrowser.h; sourceTree = "<group>"; };
		2D6308881C549B2F0092F622 /* SDPhotoBrowser.m */ = {isa = PBXFileReference; fileEncoding = 4; lastKnownFileType = sourcecode.c.objc; path = SDPhotoBrowser.m; sourceTree = "<group>"; };
		2D6308891C549B2F0092F622 /* SDPhotoBrowserConfig.h */ = {isa = PBXFileReference; fileEncoding = 4; lastKnownFileType = sourcecode.c.h; path = SDPhotoBrowserConfig.h; sourceTree = "<group>"; };
		2D63088A1C549B2F0092F622 /* SDWaitingView.h */ = {isa = PBXFileReference; fileEncoding = 4; lastKnownFileType = sourcecode.c.h; path = SDWaitingView.h; sourceTree = "<group>"; };
		2D63088B1C549B2F0092F622 /* SDWaitingView.m */ = {isa = PBXFileReference; fileEncoding = 4; lastKnownFileType = sourcecode.c.objc; path = SDWaitingView.m; sourceTree = "<group>"; };
		2D63088C1C549B2F0092F622 /* XXButton.h */ = {isa = PBXFileReference; fileEncoding = 4; lastKnownFileType = sourcecode.c.h; path = XXButton.h; sourceTree = "<group>"; };
		2D63088D1C549B2F0092F622 /* XXButton.m */ = {isa = PBXFileReference; fileEncoding = 4; lastKnownFileType = sourcecode.c.objc; path = XXButton.m; sourceTree = "<group>"; };
		2D6308901C549B2F0092F622 /* XXExpert.h */ = {isa = PBXFileReference; fileEncoding = 4; lastKnownFileType = sourcecode.c.h; path = XXExpert.h; sourceTree = "<group>"; };
		2D6308911C549B2F0092F622 /* XXExpert.m */ = {isa = PBXFileReference; fileEncoding = 4; lastKnownFileType = sourcecode.c.objc; path = XXExpert.m; sourceTree = "<group>"; };
		2D6308931C549B2F0092F622 /* XXMusic.h */ = {isa = PBXFileReference; fileEncoding = 4; lastKnownFileType = sourcecode.c.h; path = XXMusic.h; sourceTree = "<group>"; };
		2D6308941C549B2F0092F622 /* XXMusic.m */ = {isa = PBXFileReference; fileEncoding = 4; lastKnownFileType = sourcecode.c.objc; path = XXMusic.m; sourceTree = "<group>"; };
		2D6308961C549B2F0092F622 /* XXQuestion.h */ = {isa = PBXFileReference; fileEncoding = 4; lastKnownFileType = sourcecode.c.h; path = XXQuestion.h; sourceTree = "<group>"; };
		2D6308971C549B2F0092F622 /* XXQuestion.m */ = {isa = PBXFileReference; fileEncoding = 4; lastKnownFileType = sourcecode.c.objc; path = XXQuestion.m; sourceTree = "<group>"; };
		2D6308981C549B2F0092F622 /* XXQuestionFrame.h */ = {isa = PBXFileReference; fileEncoding = 4; lastKnownFileType = sourcecode.c.h; path = XXQuestionFrame.h; sourceTree = "<group>"; };
		2D6308991C549B2F0092F622 /* XXQuestionFrame.m */ = {isa = PBXFileReference; fileEncoding = 4; lastKnownFileType = sourcecode.c.objc; path = XXQuestionFrame.m; sourceTree = "<group>"; };
		2D63089A1C549B2F0092F622 /* XXQuestionPhoto.h */ = {isa = PBXFileReference; fileEncoding = 4; lastKnownFileType = sourcecode.c.h; path = XXQuestionPhoto.h; sourceTree = "<group>"; };
		2D63089B1C549B2F0092F622 /* XXQuestionPhoto.m */ = {isa = PBXFileReference; fileEncoding = 4; lastKnownFileType = sourcecode.c.objc; path = XXQuestionPhoto.m; sourceTree = "<group>"; };
		2D63089C1C549B2F0092F622 /* XXLecture.h */ = {isa = PBXFileReference; fileEncoding = 4; lastKnownFileType = sourcecode.c.h; path = XXLecture.h; sourceTree = "<group>"; };
		2D63089D1C549B2F0092F622 /* XXLecture.m */ = {isa = PBXFileReference; fileEncoding = 4; lastKnownFileType = sourcecode.c.objc; path = XXLecture.m; sourceTree = "<group>"; };
		2D63089E1C549B2F0092F622 /* XXUser.h */ = {isa = PBXFileReference; fileEncoding = 4; lastKnownFileType = sourcecode.c.h; path = XXUser.h; sourceTree = "<group>"; };
		2D63089F1C549B2F0092F622 /* XXUser.m */ = {isa = PBXFileReference; fileEncoding = 4; lastKnownFileType = sourcecode.c.objc; path = XXUser.m; sourceTree = "<group>"; };
		2D6308A21C549B2F0092F622 /* LZAlbumCreateVC.h */ = {isa = PBXFileReference; fileEncoding = 4; lastKnownFileType = sourcecode.c.h; path = LZAlbumCreateVC.h; sourceTree = "<group>"; };
		2D6308A31C549B2F0092F622 /* LZAlbumCreateVC(提问).m */ = {isa = PBXFileReference; fileEncoding = 4; lastKnownFileType = sourcecode.c.objc; path = "LZAlbumCreateVC(提问).m"; sourceTree = "<group>"; };
		2D6308A41C549B2F0092F622 /* LZAlbumCreateVC.xib */ = {isa = PBXFileReference; fileEncoding = 4; lastKnownFileType = file.xib; path = LZAlbumCreateVC.xib; sourceTree = "<group>"; };
		2D6308A51C549B2F0092F622 /* LZBaseVC.h */ = {isa = PBXFileReference; fileEncoding = 4; lastKnownFileType = sourcecode.c.h; path = LZBaseVC.h; sourceTree = "<group>"; };
		2D6308A61C549B2F0092F622 /* LZBaseVC.m */ = {isa = PBXFileReference; fileEncoding = 4; lastKnownFileType = sourcecode.c.objc; path = LZBaseVC.m; sourceTree = "<group>"; };
		2D6308AA1C549B2F0092F622 /* XHPhotographyHelper.h */ = {isa = PBXFileReference; fileEncoding = 4; lastKnownFileType = sourcecode.c.h; path = XHPhotographyHelper.h; sourceTree = "<group>"; };
		2D6308AB1C549B2F0092F622 /* XHPhotographyHelper.m */ = {isa = PBXFileReference; fileEncoding = 4; lastKnownFileType = sourcecode.c.objc; path = XHPhotographyHelper.m; sourceTree = "<group>"; };
		2D6308AD1C549B2F0092F622 /* LZAlbumPhotoCollectionViewCell.h */ = {isa = PBXFileReference; fileEncoding = 4; lastKnownFileType = sourcecode.c.h; path = LZAlbumPhotoCollectionViewCell.h; sourceTree = "<group>"; };
		2D6308AE1C549B2F0092F622 /* LZAlbumPhotoCollectionViewCell.m */ = {isa = PBXFileReference; fileEncoding = 4; lastKnownFileType = sourcecode.c.objc; path = LZAlbumPhotoCollectionViewCell.m; sourceTree = "<group>"; };
		2D6308B21C549B2F0092F622 /* XXExpertProfileCell.h */ = {isa = PBXFileReference; fileEncoding = 4; lastKnownFileType = sourcecode.c.h; path = XXExpertProfileCell.h; sourceTree = "<group>"; };
		2D6308B31C549B2F0092F622 /* XXExpertProfileCell.m */ = {isa = PBXFileReference; fileEncoding = 4; lastKnownFileType = sourcecode.c.objc; path = XXExpertProfileCell.m; sourceTree = "<group>"; };
		2D6308B41C549B2F0092F622 /* XXExpertProfileCell.xib */ = {isa = PBXFileReference; fileEncoding = 4; lastKnownFileType = file.xib; path = XXExpertProfileCell.xib; sourceTree = "<group>"; };
		2D6308B51C549B2F0092F622 /* XXExpertProfileHeaderView.h */ = {isa = PBXFileReference; fileEncoding = 4; lastKnownFileType = sourcecode.c.h; path = XXExpertProfileHeaderView.h; sourceTree = "<group>"; };
		2D6308B61C549B2F0092F622 /* XXExpertProfileHeaderView.m */ = {isa = PBXFileReference; fileEncoding = 4; lastKnownFileType = sourcecode.c.objc; path = XXExpertProfileHeaderView.m; sourceTree = "<group>"; };
		2D6308B71C549B2F0092F622 /* XXExpertProfileHeaderView.xib */ = {isa = PBXFileReference; fileEncoding = 4; lastKnownFileType = file.xib; path = XXExpertProfileHeaderView.xib; sourceTree = "<group>"; };
		2D6308B91C549B2F0092F622 /* XXCollectionCell.h */ = {isa = PBXFileReference; fileEncoding = 4; lastKnownFileType = sourcecode.c.h; path = XXCollectionCell.h; sourceTree = "<group>"; };
		2D6308BA1C549B2F0092F622 /* XXCollectionCell.m */ = {isa = PBXFileReference; fileEncoding = 4; lastKnownFileType = sourcecode.c.objc; path = XXCollectionCell.m; sourceTree = "<group>"; };
		2D6308BB1C549B2F0092F622 /* XXCollectionView.h */ = {isa = PBXFileReference; fileEncoding = 4; lastKnownFileType = sourcecode.c.h; path = XXCollectionView.h; sourceTree = "<group>"; };
		2D6308BC1C549B2F0092F622 /* XXCollectionView.m */ = {isa = PBXFileReference; fileEncoding = 4; lastKnownFileType = sourcecode.c.objc; path = XXCollectionView.m; sourceTree = "<group>"; };
		2D6308BD1C549B2F0092F622 /* XXPlayerMaskView.h */ = {isa = PBXFileReference; fileEncoding = 4; lastKnownFileType = sourcecode.c.h; path = XXPlayerMaskView.h; sourceTree = "<group>"; };
		2D6308BE1C549B2F0092F622 /* XXPlayerMaskView.m */ = {isa = PBXFileReference; fileEncoding = 4; lastKnownFileType = sourcecode.c.objc; path = XXPlayerMaskView.m; sourceTree = "<group>"; };
		2D6308BF1C549B2F0092F622 /* XXPlayerPicView.h */ = {isa = PBXFileReference; fileEncoding = 4; lastKnownFileType = sourcecode.c.h; path = XXPlayerPicView.h; sourceTree = "<group>"; };
		2D6308C01C549B2F0092F622 /* XXPlayerPicView.m */ = {isa = PBXFileReference; fileEncoding = 4; lastKnownFileType = sourcecode.c.objc; path = XXPlayerPicView.m; sourceTree = "<group>"; };
		2D6308C11C549B2F0092F622 /* XXPlayerToolBar.h */ = {isa = PBXFileReference; fileEncoding = 4; lastKnownFileType = sourcecode.c.h; path = XXPlayerToolBar.h; sourceTree = "<group>"; };
		2D6308C21C549B2F0092F622 /* XXPlayerToolBar.m */ = {isa = PBXFileReference; fileEncoding = 4; lastKnownFileType = sourcecode.c.objc; path = XXPlayerToolBar.m; sourceTree = "<group>"; };
		2D6308C41C549B2F0092F622 /* XXJoinLectureActionSheet.h */ = {isa = PBXFileReference; fileEncoding = 4; lastKnownFileType = sourcecode.c.h; path = XXJoinLectureActionSheet.h; sourceTree = "<group>"; };
		2D6308C51C549B2F0092F622 /* XXJoinLectureActionSheet（报名弹窗）.m */ = {isa = PBXFileReference; fileEncoding = 4; lastKnownFileType = sourcecode.c.objc; path = "XXJoinLectureActionSheet（报名弹窗）.m"; sourceTree = "<group>"; };
		2D6308C61C549B2F0092F622 /* XXQuestionCell.h */ = {isa = PBXFileReference; fileEncoding = 4; lastKnownFileType = sourcecode.c.h; path = XXQuestionCell.h; sourceTree = "<group>"; };
		2D6308C71C549B2F0092F622 /* XXQuestionCell.m */ = {isa = PBXFileReference; fileEncoding = 4; lastKnownFileType = sourcecode.c.objc; path = XXQuestionCell.m; sourceTree = "<group>"; };
		2D6308C81C549B2F0092F622 /* XXQuestionCell.xib */ = {isa = PBXFileReference; fileEncoding = 4; lastKnownFileType = file.xib; path = XXQuestionCell.xib; sourceTree = "<group>"; };
		2D6308C91C549B2F0092F622 /* XXQuestionHeaderView.h */ = {isa = PBXFileReference; fileEncoding = 4; lastKnownFileType = sourcecode.c.h; path = XXQuestionHeaderView.h; sourceTree = "<group>"; };
		2D6308CA1C549B2F0092F622 /* XXQuestionHeaderView.m */ = {isa = PBXFileReference; fileEncoding = 4; lastKnownFileType = sourcecode.c.objc; path = XXQuestionHeaderView.m; sourceTree = "<group>"; };
		2D6308CB1C549B2F0092F622 /* XXQuestionHeaderView.xib */ = {isa = PBXFileReference; fileEncoding = 4; lastKnownFileType = file.xib; path = XXQuestionHeaderView.xib; sourceTree = "<group>"; };
		2D6308CC1C549B2F0092F622 /* XXQuestionPhotosView(相册).m */ = {isa = PBXFileReference; fileEncoding = 4; lastKnownFileType = sourcecode.c.objc; path = "XXQuestionPhotosView(相册).m"; sourceTree = "<group>"; };
		2D6308CD1C549B2F0092F622 /* XXQuestionPhotosView.h */ = {isa = PBXFileReference; fileEncoding = 4; lastKnownFileType = sourcecode.c.h; path = XXQuestionPhotosView.h; sourceTree = "<group>"; };
		2D6308CE1C549B2F0092F622 /* XXQuestionPhotoView(单个照片).m */ = {isa = PBXFileReference; fileEncoding = 4; lastKnownFileType = sourcecode.c.objc; path = "XXQuestionPhotoView(单个照片).m"; sourceTree = "<group>"; };
		2D6308CF1C549B2F0092F622 /* XXQuestionPhotoView.h */ = {isa = PBXFileReference; fileEncoding = 4; lastKnownFileType = sourcecode.c.h; path = XXQuestionPhotoView.h; sourceTree = "<group>"; };
		2D6308D01C549B2F0092F622 /* XXQuestionToolbar.h */ = {isa = PBXFileReference; fileEncoding = 4; lastKnownFileType = sourcecode.c.h; path = XXQuestionToolbar.h; sourceTree = "<group>"; };
		2D6308D11C549B2F0092F622 /* XXQuestionToolbar.m */ = {isa = PBXFileReference; fileEncoding = 4; lastKnownFileType = sourcecode.c.objc; path = XXQuestionToolbar.m; sourceTree = "<group>"; };
		2D6309091C549E340092F622 /* CXTextViewWithPlaceholder.h */ = {isa = PBXFileReference; fileEncoding = 4; lastKnownFileType = sourcecode.c.h; path = CXTextViewWithPlaceholder.h; sourceTree = "<group>"; };
		2D63090A1C549E340092F622 /* CXTextViewWithPlaceholder.m */ = {isa = PBXFileReference; fileEncoding = 4; lastKnownFileType = sourcecode.c.objc; path = CXTextViewWithPlaceholder.m; sourceTree = "<group>"; };
		2D63090E1C54BBF50092F622 /* CurrentUser.plist */ = {isa = PBXFileReference; fileEncoding = 4; lastKnownFileType = text.plist.xml; path = CurrentUser.plist; sourceTree = "<group>"; };
		2DA99D201C44B0CB00CD02D7 /* 回答问题.mp3 */ = {isa = PBXFileReference; lastKnownFileType = audio.mp3; path = "回答问题.mp3"; sourceTree = "<group>"; };
		2DA99D611C44B75500CD02D7 /* 上呼吸道的概念.png */ = {isa = PBXFileReference; lastKnownFileType = image.png; path = "上呼吸道的概念.png"; sourceTree = "<group>"; };
		2DA99D621C44B75500CD02D7 /* 两种特殊情况.png */ = {isa = PBXFileReference; lastKnownFileType = image.png; path = "两种特殊情况.png"; sourceTree = "<group>"; };
		2DA99D631C44B75500CD02D7 /* 为什么容易感冒.png */ = {isa = PBXFileReference; lastKnownFileType = image.png; path = "为什么容易感冒.png"; sourceTree = "<group>"; };
		2DA99D641C44B75500CD02D7 /* 什么是感冒.png */ = {isa = PBXFileReference; lastKnownFileType = image.png; path = "什么是感冒.png"; sourceTree = "<group>"; };
		2DA99D651C44B75500CD02D7 /* 感冒的原因.png */ = {isa = PBXFileReference; lastKnownFileType = image.png; path = "感冒的原因.png"; sourceTree = "<group>"; };
		2DA99D661C44B75500CD02D7 /* 感冒的症状.png */ = {isa = PBXFileReference; lastKnownFileType = image.png; path = "感冒的症状.png"; sourceTree = "<group>"; };
		2DA99D691C44B75500CD02D7 /* 什么是感冒.mp3 */ = {isa = PBXFileReference; lastKnownFileType = audio.mp3; path = "什么是感冒.mp3"; sourceTree = "<group>"; };
		2DA99D6B1C44B75500CD02D7 /* 上呼吸道的概念.mp3 */ = {isa = PBXFileReference; lastKnownFileType = audio.mp3; path = "上呼吸道的概念.mp3"; sourceTree = "<group>"; };
		2DA99D6D1C44B75500CD02D7 /* 感冒的原因.mp3 */ = {isa = PBXFileReference; lastKnownFileType = audio.mp3; path = "感冒的原因.mp3"; sourceTree = "<group>"; };
		2DA99D6F1C44B75500CD02D7 /* 为什么容易感冒.mp3 */ = {isa = PBXFileReference; lastKnownFileType = audio.mp3; path = "为什么容易感冒.mp3"; sourceTree = "<group>"; };
		2DA99D711C44B75500CD02D7 /* 感冒的症状.mp3 */ = {isa = PBXFileReference; lastKnownFileType = audio.mp3; path = "感冒的症状.mp3"; sourceTree = "<group>"; };
		2DA99D731C44B75500CD02D7 /* 两种特殊情况.mp3 */ = {isa = PBXFileReference; lastKnownFileType = audio.mp3; path = "两种特殊情况.mp3"; sourceTree = "<group>"; };
		2DE542971C423C3D00D4D4D9 /* Musics.plist */ = {isa = PBXFileReference; fileEncoding = 4; lastKnownFileType = text.plist.xml; path = Musics.plist; sourceTree = "<group>"; };
		CE4C166FEFE70DF565C3AA35 /* Pods.debug.xcconfig */ = {isa = PBXFileReference; includeInIndex = 1; lastKnownFileType = text.xcconfig; name = Pods.debug.xcconfig; path = "Pods/Target Support Files/Pods/Pods.debug.xcconfig"; sourceTree = "<group>"; };
		E17BD05A64B3256DBE3F2972 /* Pods.release.xcconfig */ = {isa = PBXFileReference; includeInIndex = 1; lastKnownFileType = text.xcconfig; name = Pods.release.xcconfig; path = "Pods/Target Support Files/Pods/Pods.release.xcconfig"; sourceTree = "<group>"; };
/* End PBXFileReference section */

/* Begin PBXFrameworksBuildPhase section */
		2D1D01D61C3EA3910056B10C /* Frameworks */ = {
			isa = PBXFrameworksBuildPhase;
			buildActionMask = 2147483647;
			files = (
				F0107A306C1C733565E157D9 /* libPods.a in Frameworks */,
			);
			runOnlyForDeploymentPostprocessing = 0;
		};
		2D1D01EF1C3EA3910056B10C /* Frameworks */ = {
			isa = PBXFrameworksBuildPhase;
			buildActionMask = 2147483647;
			files = (
			);
			runOnlyForDeploymentPostprocessing = 0;
		};
		2D1D01FA1C3EA3910056B10C /* Frameworks */ = {
			isa = PBXFrameworksBuildPhase;
			buildActionMask = 2147483647;
			files = (
			);
			runOnlyForDeploymentPostprocessing = 0;
		};
/* End PBXFrameworksBuildPhase section */

/* Begin PBXGroup section */
		06C61D4F4F50164C87B238D7 /* Pods */ = {
			isa = PBXGroup;
			children = (
				CE4C166FEFE70DF565C3AA35 /* Pods.debug.xcconfig */,
				E17BD05A64B3256DBE3F2972 /* Pods.release.xcconfig */,
			);
			name = Pods;
			sourceTree = "<group>";
		};
		2D1D01D01C3EA3910056B10C = {
			isa = PBXGroup;
			children = (
				2D1D01DB1C3EA3910056B10C /* Lecture */,
				2D1D01F51C3EA3910056B10C /* LectureTests */,
				2D1D02001C3EA3910056B10C /* LectureUITests */,
				2D1D01DA1C3EA3910056B10C /* Products */,
				06C61D4F4F50164C87B238D7 /* Pods */,
				7A08886809619330DF16348B /* Frameworks */,
			);
			sourceTree = "<group>";
		};
		2D1D01DA1C3EA3910056B10C /* Products */ = {
			isa = PBXGroup;
			children = (
				2D1D01D91C3EA3910056B10C /* Lecture.app */,
				2D1D01F21C3EA3910056B10C /* LectureTests.xctest */,
				2D1D01FD1C3EA3910056B10C /* LectureUITests.xctest */,
			);
			name = Products;
			sourceTree = "<group>";
		};
		2D1D01DB1C3EA3910056B10C /* Lecture */ = {
			isa = PBXGroup;
			children = (
				2D63084C1C549B2F0092F622 /* Classes */,
				2D1D01DC1C3EA3910056B10C /* Supporting Files */,
			);
			path = Lecture;
			sourceTree = "<group>";
		};
		2D1D01DC1C3EA3910056B10C /* Supporting Files */ = {
			isa = PBXGroup;
			children = (
				2DA99D601C44B75500CD02D7 /* 讲座图片 */,
				2DA99D671C44B75500CD02D7 /* MP3 */,
				2DA99D1F1C44B0CB00CD02D7 /* 回答 */,
				2D1D20141C3F733F0093C310 /* PrefixHeader.pch */,
				2D63090E1C54BBF50092F622 /* CurrentUser.plist */,
				2DE542971C423C3D00D4D4D9 /* Musics.plist */,
				2D253DF71C44F8EE006AD55E /* Questions.plist */,
				2D5AB4361C49256900B1578B /* Experts.plist */,
				2D065B4D1C53BFA500282CFD /* Lectures.plist */,
				2D1C55EC1C3FA7030002514D /* Assets.xcassets */,
				2D1D01E51C3EA3910056B10C /* Main.storyboard */,
				2D1D01EA1C3EA3910056B10C /* LaunchScreen.storyboard */,
				2D1D01ED1C3EA3910056B10C /* Info.plist */,
			);
			name = "Supporting Files";
			sourceTree = "<group>";
		};
		2D1D01F51C3EA3910056B10C /* LectureTests */ = {
			isa = PBXGroup;
			children = (
				2D1D01F61C3EA3910056B10C /* LectureTests.m */,
				2D1D01F81C3EA3910056B10C /* Info.plist */,
			);
			path = LectureTests;
			sourceTree = "<group>";
		};
		2D1D02001C3EA3910056B10C /* LectureUITests */ = {
			isa = PBXGroup;
			children = (
				2D1D02011C3EA3910056B10C /* LectureUITests.m */,
				2D1D02031C3EA3910056B10C /* Info.plist */,
			);
			path = LectureUITests;
			sourceTree = "<group>";
		};
		2D63084C1C549B2F0092F622 /* Classes */ = {
			isa = PBXGroup;
			children = (
				2D63085A1C549B2F0092F622 /* Main */,
				2D6308A01C549B2F0092F622 /* PostQuestion(发送问题) */,
				2D63084D1C549B2F0092F622 /* Controller */,
				2D63088E1C549B2F0092F622 /* Model */,
				2D6308B01C549B2F0092F622 /* View */,
				2D6308AF1C549B2F0092F622 /* Temp */,
			);
			path = Classes;
			sourceTree = "<group>";
		};
		2D63084D1C549B2F0092F622 /* Controller */ = {
			isa = PBXGroup;
			children = (
				2D6308521C549B2F0092F622 /* XXLectureJoinVC.h */,
				2D6308531C549B2F0092F622 /* XXLectureJoinVC（讲座前）.m */,
				2D6308541C549B2F0092F622 /* XXLectureVC.h */,
				2D6308551C549B2F0092F622 /* XXLectureVC（讲座中）.m */,
				2D6308581C549B2F0092F622 /* XXQuestionVC.h */,
				2D6308591C549B2F0092F622 /* XXQuestionVC.m */,
				2D63084E1C549B2F0092F622 /* XXExpertProfileVC.h */,
				2D63084F1C549B2F0092F622 /* XXExpertProfileVC.m */,
				2D6308501C549B2F0092F622 /* XXHomeVC.h */,
				2D6308511C549B2F0092F622 /* XXHomeVC.m */,
				2D6308561C549B2F0092F622 /* XXPlayerVC.h */,
				2D6308571C549B2F0092F622 /* XXPlayerVC.m */,
			);
			path = Controller;
			sourceTree = "<group>";
		};
		2D63085A1C549B2F0092F622 /* Main */ = {
			isa = PBXGroup;
			children = (
				2D63085B1C549B2F0092F622 /* Category */,
				2D63086F1C549B2F0092F622 /* Controller */,
				2D6308721C549B2F0092F622 /* Lib */,
				2D63087A1C549B2F0092F622 /* Model */,
				2D63087B1C549B2F0092F622 /* Other */,
				2D6308811C549B2F0092F622 /* Tool */,
				2D6308831C549B2F0092F622 /* View */,
			);
			path = Main;
			sourceTree = "<group>";
		};
		2D63085B1C549B2F0092F622 /* Category */ = {
			isa = PBXGroup;
			children = (
				2D63085C1C549B2F0092F622 /* NSDate+Extension.h */,
				2D63085D1C549B2F0092F622 /* NSDate+Extension.m */,
				2D63085E1C549B2F0092F622 /* NSString+CZ.h */,
				2D63085F1C549B2F0092F622 /* NSString+CZ.m */,
				2D6308601C549B2F0092F622 /* NSString+Emoji.h */,
				2D6308611C549B2F0092F622 /* NSString+Emoji.m */,
				2D6308621C549B2F0092F622 /* NSString+Extension.h */,
				2D6308631C549B2F0092F622 /* NSString+Extension.m */,
				2D6308641C549B2F0092F622 /* UIBarButtonItem+Extension.h */,
				2D6308651C549B2F0092F622 /* UIBarButtonItem+Extension.m */,
				2D6308661C549B2F0092F622 /* UIButton+CZ.h */,
				2D6308671C549B2F0092F622 /* UIButton+CZ.m */,
				2D6308681C549B2F0092F622 /* UIImage+CX.h */,
				2D6308691C549B2F0092F622 /* UIImage+CX.m */,
				2D63086A1C549B2F0092F622 /* UITextView+Extension.h */,
				2D63086B1C549B2F0092F622 /* UITextView+Extension.m */,
				2D63086C1C549B2F0092F622 /* UIView+Extension.h */,
				2D63086D1C549B2F0092F622 /* UIView+Extension.m */,
				2D63086E1C549B2F0092F622 /* 单例头文件 */,
			);
			path = Category;
			sourceTree = "<group>";
		};
		2D63086E1C549B2F0092F622 /* 单例头文件 */ = {
			isa = PBXGroup;
			children = (
			);
			path = "单例头文件";
			sourceTree = "<group>";
		};
		2D63086F1C549B2F0092F622 /* Controller */ = {
			isa = PBXGroup;
			children = (
				2D6308701C549B2F0092F622 /* XXNavigationController.h */,
				2D6308711C549B2F0092F622 /* XXNavigationController.m */,
			);
			path = Controller;
			sourceTree = "<group>";
		};
		2D6308721C549B2F0092F622 /* Lib */ = {
			isa = PBXGroup;
			children = (
				2D6308731C549B2F0092F622 /* MBProgressHUD */,
				2D6308791C549B2F0092F622 /* MJExtension */,
			);
			path = Lib;
			sourceTree = "<group>";
		};
		2D6308731C549B2F0092F622 /* MBProgressHUD */ = {
			isa = PBXGroup;
			children = (
				2D6308741C549B2F0092F622 /* MBProgressHUD+CZ.h */,
				2D6308751C549B2F0092F622 /* MBProgressHUD+CZ.m */,
				2D6308761C549B2F0092F622 /* MBProgressHUD.bundle */,
				2D6308771C549B2F0092F622 /* MBProgressHUD.h */,
				2D6308781C549B2F0092F622 /* MBProgressHUD.m */,
			);
			path = MBProgressHUD;
			sourceTree = "<group>";
		};
		2D6308791C549B2F0092F622 /* MJExtension */ = {
			isa = PBXGroup;
			children = (
			);
			path = MJExtension;
			sourceTree = "<group>";
		};
		2D63087A1C549B2F0092F622 /* Model */ = {
			isa = PBXGroup;
			children = (
			);
			path = Model;
			sourceTree = "<group>";
		};
		2D63087B1C549B2F0092F622 /* Other */ = {
			isa = PBXGroup;
			children = (
				2D63087C1C549B2F0092F622 /* AppDelegate.h */,
				2D63087D1C549B2F0092F622 /* AppDelegate.m */,
				2D63087E1C549B2F0092F622 /* main.m */,
				2D63087F1C549B2F0092F622 /* XXConst.h */,
				2D6308801C549B2F0092F622 /* XXConst.m */,
			);
			path = Other;
			sourceTree = "<group>";
		};
		2D6308811C549B2F0092F622 /* Tool */ = {
			isa = PBXGroup;
			children = (
				2D6308821C549B2F0092F622 /* Singleton.h */,
			);
			path = Tool;
			sourceTree = "<group>";
		};
		2D6308831C549B2F0092F622 /* View */ = {
			isa = PBXGroup;
			children = (
				2D6308841C549B2F0092F622 /* SDPhotoBrowser */,
				2D63088C1C549B2F0092F622 /* XXButton.h */,
				2D63088D1C549B2F0092F622 /* XXButton.m */,
			);
			path = View;
			sourceTree = "<group>";
		};
		2D6308841C549B2F0092F622 /* SDPhotoBrowser */ = {
			isa = PBXGroup;
			children = (
				2D6308851C549B2F0092F622 /* SDBrowserImageView.h */,
				2D6308861C549B2F0092F622 /* SDBrowserImageView.m */,
				2D6308871C549B2F0092F622 /* SDPhotoBrowser.h */,
				2D6308881C549B2F0092F622 /* SDPhotoBrowser.m */,
				2D6308891C549B2F0092F622 /* SDPhotoBrowserConfig.h */,
				2D63088A1C549B2F0092F622 /* SDWaitingView.h */,
				2D63088B1C549B2F0092F622 /* SDWaitingView.m */,
			);
			path = SDPhotoBrowser;
			sourceTree = "<group>";
		};
		2D63088E1C549B2F0092F622 /* Model */ = {
			isa = PBXGroup;
			children = (
				2D63088F1C549B2F0092F622 /* Expert */,
				2D6308921C549B2F0092F622 /* Player */,
				2D6308951C549B2F0092F622 /* Question */,
				2D63089C1C549B2F0092F622 /* XXLecture.h */,
				2D63089D1C549B2F0092F622 /* XXLecture.m */,
				2D63089E1C549B2F0092F622 /* XXUser.h */,
				2D63089F1C549B2F0092F622 /* XXUser.m */,
			);
			path = Model;
			sourceTree = "<group>";
		};
		2D63088F1C549B2F0092F622 /* Expert */ = {
			isa = PBXGroup;
			children = (
				2D6308901C549B2F0092F622 /* XXExpert.h */,
				2D6308911C549B2F0092F622 /* XXExpert.m */,
			);
			path = Expert;
			sourceTree = "<group>";
		};
		2D6308921C549B2F0092F622 /* Player */ = {
			isa = PBXGroup;
			children = (
				2D6308931C549B2F0092F622 /* XXMusic.h */,
				2D6308941C549B2F0092F622 /* XXMusic.m */,
			);
			path = Player;
			sourceTree = "<group>";
		};
		2D6308951C549B2F0092F622 /* Question */ = {
			isa = PBXGroup;
			children = (
				2D6308961C549B2F0092F622 /* XXQuestion.h */,
				2D6308971C549B2F0092F622 /* XXQuestion.m */,
				2D6308981C549B2F0092F622 /* XXQuestionFrame.h */,
				2D6308991C549B2F0092F622 /* XXQuestionFrame.m */,
				2D63089A1C549B2F0092F622 /* XXQuestionPhoto.h */,
				2D63089B1C549B2F0092F622 /* XXQuestionPhoto.m */,
			);
			path = Question;
			sourceTree = "<group>";
		};
		2D6308A01C549B2F0092F622 /* PostQuestion(发送问题) */ = {
			isa = PBXGroup;
			children = (
				2D6308A11C549B2F0092F622 /* Controller */,
				2D6308A71C549B2F0092F622 /* Model */,
				2D6308A81C549B2F0092F622 /* Tool */,
				2D6308AC1C549B2F0092F622 /* View */,
			);
			path = "PostQuestion(发送问题)";
			sourceTree = "<group>";
		};
		2D6308A11C549B2F0092F622 /* Controller */ = {
			isa = PBXGroup;
			children = (
				2D6308A21C549B2F0092F622 /* LZAlbumCreateVC.h */,
				2D6308A31C549B2F0092F622 /* LZAlbumCreateVC(提问).m */,
				2D6308A41C549B2F0092F622 /* LZAlbumCreateVC.xib */,
				2D6308A51C549B2F0092F622 /* LZBaseVC.h */,
				2D6308A61C549B2F0092F622 /* LZBaseVC.m */,
			);
			path = Controller;
			sourceTree = "<group>";
		};
		2D6308A71C549B2F0092F622 /* Model */ = {
			isa = PBXGroup;
			children = (
			);
			path = Model;
			sourceTree = "<group>";
		};
		2D6308A81C549B2F0092F622 /* Tool */ = {
			isa = PBXGroup;
			children = (
				2D6308A91C549B2F0092F622 /* XHPhotographyHelper */,
			);
			path = Tool;
			sourceTree = "<group>";
		};
		2D6308A91C549B2F0092F622 /* XHPhotographyHelper */ = {
			isa = PBXGroup;
			children = (
				2D6308AA1C549B2F0092F622 /* XHPhotographyHelper.h */,
				2D6308AB1C549B2F0092F622 /* XHPhotographyHelper.m */,
			);
			path = XHPhotographyHelper;
			sourceTree = "<group>";
		};
		2D6308AC1C549B2F0092F622 /* View */ = {
			isa = PBXGroup;
			children = (
				2D6308AD1C549B2F0092F622 /* LZAlbumPhotoCollectionViewCell.h */,
				2D6308AE1C549B2F0092F622 /* LZAlbumPhotoCollectionViewCell.m */,
				2D6309091C549E340092F622 /* CXTextViewWithPlaceholder.h */,
				2D63090A1C549E340092F622 /* CXTextViewWithPlaceholder.m */,
			);
			path = View;
			sourceTree = "<group>";
		};
		2D6308AF1C549B2F0092F622 /* Temp */ = {
			isa = PBXGroup;
			children = (
			);
			path = Temp;
			sourceTree = "<group>";
		};
		2D6308B01C549B2F0092F622 /* View */ = {
			isa = PBXGroup;
			children = (
				2D6308B11C549B2F0092F622 /* Expert */,
				2D6308B81C549B2F0092F622 /* Player */,
				2D6308C31C549B2F0092F622 /* Question */,
			);
			path = View;
			sourceTree = "<group>";
		};
		2D6308B11C549B2F0092F622 /* Expert */ = {
			isa = PBXGroup;
			children = (
				2D6308B21C549B2F0092F622 /* XXExpertProfileCell.h */,
				2D6308B31C549B2F0092F622 /* XXExpertProfileCell.m */,
				2D6308B41C549B2F0092F622 /* XXExpertProfileCell.xib */,
				2D6308B51C549B2F0092F622 /* XXExpertProfileHeaderView.h */,
				2D6308B61C549B2F0092F622 /* XXExpertProfileHeaderView.m */,
				2D6308B71C549B2F0092F622 /* XXExpertProfileHeaderView.xib */,
			);
			path = Expert;
			sourceTree = "<group>";
		};
		2D6308B81C549B2F0092F622 /* Player */ = {
			isa = PBXGroup;
			children = (
				2D6308B91C549B2F0092F622 /* XXCollectionCell.h */,
				2D6308BA1C549B2F0092F622 /* XXCollectionCell.m */,
				2D6308BB1C549B2F0092F622 /* XXCollectionView.h */,
				2D6308BC1C549B2F0092F622 /* XXCollectionView.m */,
				2D6308BD1C549B2F0092F622 /* XXPlayerMaskView.h */,
				2D6308BE1C549B2F0092F622 /* XXPlayerMaskView.m */,
				2D6308BF1C549B2F0092F622 /* XXPlayerPicView.h */,
				2D6308C01C549B2F0092F622 /* XXPlayerPicView.m */,
				2D6308C11C549B2F0092F622 /* XXPlayerToolBar.h */,
				2D6308C21C549B2F0092F622 /* XXPlayerToolBar.m */,
			);
			path = Player;
			sourceTree = "<group>";
		};
		2D6308C31C549B2F0092F622 /* Question */ = {
			isa = PBXGroup;
			children = (
				2D6308C41C549B2F0092F622 /* XXJoinLectureActionSheet.h */,
				2D6308C51C549B2F0092F622 /* XXJoinLectureActionSheet（报名弹窗）.m */,
				2D6308C61C549B2F0092F622 /* XXQuestionCell.h */,
				2D6308C71C549B2F0092F622 /* XXQuestionCell.m */,
				2D6308C81C549B2F0092F622 /* XXQuestionCell.xib */,
				2D6308C91C549B2F0092F622 /* XXQuestionHeaderView.h */,
				2D6308CA1C549B2F0092F622 /* XXQuestionHeaderView.m */,
				2D6308CB1C549B2F0092F622 /* XXQuestionHeaderView.xib */,
				2D6308CC1C549B2F0092F622 /* XXQuestionPhotosView(相册).m */,
				2D6308CD1C549B2F0092F622 /* XXQuestionPhotosView.h */,
				2D6308CE1C549B2F0092F622 /* XXQuestionPhotoView(单个照片).m */,
				2D6308CF1C549B2F0092F622 /* XXQuestionPhotoView.h */,
				2D6308D01C549B2F0092F622 /* XXQuestionToolbar.h */,
				2D6308D11C549B2F0092F622 /* XXQuestionToolbar.m */,
			);
			path = Question;
			sourceTree = "<group>";
		};
		2DA99D1F1C44B0CB00CD02D7 /* 回答 */ = {
			isa = PBXGroup;
			children = (
				2DA99D201C44B0CB00CD02D7 /* 回答问题.mp3 */,
			);
			path = "回答";
			sourceTree = "<group>";
		};
		2DA99D601C44B75500CD02D7 /* 讲座图片 */ = {
			isa = PBXGroup;
			children = (
				2DA99D611C44B75500CD02D7 /* 上呼吸道的概念.png */,
				2DA99D621C44B75500CD02D7 /* 两种特殊情况.png */,
				2DA99D631C44B75500CD02D7 /* 为什么容易感冒.png */,
				2DA99D641C44B75500CD02D7 /* 什么是感冒.png */,
				2DA99D651C44B75500CD02D7 /* 感冒的原因.png */,
				2DA99D661C44B75500CD02D7 /* 感冒的症状.png */,
			);
			path = "讲座图片";
			sourceTree = "<group>";
		};
		2DA99D671C44B75500CD02D7 /* MP3 */ = {
			isa = PBXGroup;
			children = (
				2DA99D681C44B75500CD02D7 /* 1什么是感冒 */,
				2DA99D6A1C44B75500CD02D7 /* 2概念 */,
				2DA99D6C1C44B75500CD02D7 /* 3感冒的原因 */,
				2DA99D6E1C44B75500CD02D7 /* 4为什么 */,
				2DA99D701C44B75500CD02D7 /* 5感冒的症状 */,
				2DA99D721C44B75500CD02D7 /* 6特殊 */,
			);
			path = MP3;
			sourceTree = "<group>";
		};
		2DA99D681C44B75500CD02D7 /* 1什么是感冒 */ = {
			isa = PBXGroup;
			children = (
				2DA99D691C44B75500CD02D7 /* 什么是感冒.mp3 */,
			);
			path = "1什么是感冒";
			sourceTree = "<group>";
		};
		2DA99D6A1C44B75500CD02D7 /* 2概念 */ = {
			isa = PBXGroup;
			children = (
				2DA99D6B1C44B75500CD02D7 /* 上呼吸道的概念.mp3 */,
			);
			path = "2概念";
			sourceTree = "<group>";
		};
		2DA99D6C1C44B75500CD02D7 /* 3感冒的原因 */ = {
			isa = PBXGroup;
			children = (
				2DA99D6D1C44B75500CD02D7 /* 感冒的原因.mp3 */,
			);
			path = "3感冒的原因";
			sourceTree = "<group>";
		};
		2DA99D6E1C44B75500CD02D7 /* 4为什么 */ = {
			isa = PBXGroup;
			children = (
				2DA99D6F1C44B75500CD02D7 /* 为什么容易感冒.mp3 */,
			);
			path = "4为什么";
			sourceTree = "<group>";
		};
		2DA99D701C44B75500CD02D7 /* 5感冒的症状 */ = {
			isa = PBXGroup;
			children = (
				2DA99D711C44B75500CD02D7 /* 感冒的症状.mp3 */,
			);
			path = "5感冒的症状";
			sourceTree = "<group>";
		};
		2DA99D721C44B75500CD02D7 /* 6特殊 */ = {
			isa = PBXGroup;
			children = (
				2DA99D731C44B75500CD02D7 /* 两种特殊情况.mp3 */,
			);
			path = "6特殊";
			sourceTree = "<group>";
		};
		7A08886809619330DF16348B /* Frameworks */ = {
			isa = PBXGroup;
			children = (
				2487C46B0BA874F4A9AD1EC0 /* libPods.a */,
			);
			name = Frameworks;
			sourceTree = "<group>";
		};
/* End PBXGroup section */

/* Begin PBXNativeTarget section */
		2D1D01D81C3EA3910056B10C /* Lecture */ = {
			isa = PBXNativeTarget;
			buildConfigurationList = 2D1D02061C3EA3910056B10C /* Build configuration list for PBXNativeTarget "Lecture" */;
			buildPhases = (
				D1E2BA7E340C214CC7F832E5 /* Check Pods Manifest.lock */,
				2D1D01D51C3EA3910056B10C /* Sources */,
				2D1D01D61C3EA3910056B10C /* Frameworks */,
				2D1D01D71C3EA3910056B10C /* Resources */,
				14F35F227575C3D152807C16 /* Embed Pods Frameworks */,
				E4B61E431DCB94D3371182BF /* Copy Pods Resources */,
			);
			buildRules = (
			);
			dependencies = (
			);
			name = Lecture;
			productName = Lecture;
			productReference = 2D1D01D91C3EA3910056B10C /* Lecture.app */;
			productType = "com.apple.product-type.application";
		};
		2D1D01F11C3EA3910056B10C /* LectureTests */ = {
			isa = PBXNativeTarget;
			buildConfigurationList = 2D1D02091C3EA3910056B10C /* Build configuration list for PBXNativeTarget "LectureTests" */;
			buildPhases = (
				2D1D01EE1C3EA3910056B10C /* Sources */,
				2D1D01EF1C3EA3910056B10C /* Frameworks */,
				2D1D01F01C3EA3910056B10C /* Resources */,
			);
			buildRules = (
			);
			dependencies = (
				2D1D01F41C3EA3910056B10C /* PBXTargetDependency */,
			);
			name = LectureTests;
			productName = LectureTests;
			productReference = 2D1D01F21C3EA3910056B10C /* LectureTests.xctest */;
			productType = "com.apple.product-type.bundle.unit-test";
		};
		2D1D01FC1C3EA3910056B10C /* LectureUITests */ = {
			isa = PBXNativeTarget;
			buildConfigurationList = 2D1D020C1C3EA3910056B10C /* Build configuration list for PBXNativeTarget "LectureUITests" */;
			buildPhases = (
				2D1D01F91C3EA3910056B10C /* Sources */,
				2D1D01FA1C3EA3910056B10C /* Frameworks */,
				2D1D01FB1C3EA3910056B10C /* Resources */,
			);
			buildRules = (
			);
			dependencies = (
				2D1D01FF1C3EA3910056B10C /* PBXTargetDependency */,
			);
			name = LectureUITests;
			productName = LectureUITests;
			productReference = 2D1D01FD1C3EA3910056B10C /* LectureUITests.xctest */;
			productType = "com.apple.product-type.bundle.ui-testing";
		};
/* End PBXNativeTarget section */

/* Begin PBXProject section */
		2D1D01D11C3EA3910056B10C /* Project object */ = {
			isa = PBXProject;
			attributes = {
				CLASSPREFIX = XX;
				LastUpgradeCheck = 0710;
				ORGANIZATIONNAME = "陈旭";
				TargetAttributes = {
					2D1D01D81C3EA3910056B10C = {
						CreatedOnToolsVersion = 7.1.1;
						DevelopmentTeam = 4FV344NJ62;
					};
					2D1D01F11C3EA3910056B10C = {
						CreatedOnToolsVersion = 7.1.1;
						TestTargetID = 2D1D01D81C3EA3910056B10C;
					};
					2D1D01FC1C3EA3910056B10C = {
						CreatedOnToolsVersion = 7.1.1;
						TestTargetID = 2D1D01D81C3EA3910056B10C;
					};
				};
			};
			buildConfigurationList = 2D1D01D41C3EA3910056B10C /* Build configuration list for PBXProject "Lecture" */;
			compatibilityVersion = "Xcode 3.2";
			developmentRegion = English;
			hasScannedForEncodings = 0;
			knownRegions = (
				en,
				Base,
			);
			mainGroup = 2D1D01D01C3EA3910056B10C;
			productRefGroup = 2D1D01DA1C3EA3910056B10C /* Products */;
			projectDirPath = "";
			projectRoot = "";
			targets = (
				2D1D01D81C3EA3910056B10C /* Lecture */,
				2D1D01F11C3EA3910056B10C /* LectureTests */,
				2D1D01FC1C3EA3910056B10C /* LectureUITests */,
			);
		};
/* End PBXProject section */

/* Begin PBXResourcesBuildPhase section */
		2D1D01D71C3EA3910056B10C /* Resources */ = {
			isa = PBXResourcesBuildPhase;
			buildActionMask = 2147483647;
			files = (
				2D1D01EC1C3EA3910056B10C /* LaunchScreen.storyboard in Resources */,
				2D1D01E71C3EA3910056B10C /* Main.storyboard in Resources */,
				2DA99D751C44B75500CD02D7 /* 两种特殊情况.png in Resources */,
				2D6309051C549B2F0092F622 /* XXQuestionHeaderView.xib in Resources */,
				2D63090F1C54BBF50092F622 /* CurrentUser.plist in Resources */,
				2DA99D781C44B75500CD02D7 /* 感冒的原因.png in Resources */,
				2D065B4E1C53BFA500282CFD /* Lectures.plist in Resources */,
				2DA99D771C44B75500CD02D7 /* 什么是感冒.png in Resources */,
				2DA99D741C44B75500CD02D7 /* 上呼吸道的概念.png in Resources */,
				2DA99D791C44B75500CD02D7 /* 感冒的症状.png in Resources */,
				2DA99D7E1C44B75500CD02D7 /* 感冒的症状.mp3 in Resources */,
				2DA99D341C44B0CB00CD02D7 /* 回答问题.mp3 in Resources */,
				2DA99D761C44B75500CD02D7 /* 为什么容易感冒.png in Resources */,
				2DA99D7B1C44B75500CD02D7 /* 上呼吸道的概念.mp3 in Resources */,
				2D6309031C549B2F0092F622 /* XXQuestionCell.xib in Resources */,
				2DA99D7C1C44B75500CD02D7 /* 感冒的原因.mp3 in Resources */,
				2DA99D7D1C44B75500CD02D7 /* 为什么容易感冒.mp3 in Resources */,
				2DE5429D1C423C3D00D4D4D9 /* Musics.plist in Resources */,
				2DA99D7A1C44B75500CD02D7 /* 什么是感冒.mp3 in Resources */,
				2D6308F41C549B2F0092F622 /* LZAlbumCreateVC.xib in Resources */,
				2D6308F91C549B2F0092F622 /* XXExpertProfileCell.xib in Resources */,
				2D5AB4371C49256900B1578B /* Experts.plist in Resources */,
				2D6308FB1C549B2F0092F622 /* XXExpertProfileHeaderView.xib in Resources */,
				2DA99D7F1C44B75500CD02D7 /* 两种特殊情况.mp3 in Resources */,
				2D253DF81C44F8EE006AD55E /* Questions.plist in Resources */,
				2D1C55ED1C3FA7030002514D /* Assets.xcassets in Resources */,
				2D6308E31C549B2F0092F622 /* MBProgressHUD.bundle in Resources */,
			);
			runOnlyForDeploymentPostprocessing = 0;
		};
		2D1D01F01C3EA3910056B10C /* Resources */ = {
			isa = PBXResourcesBuildPhase;
			buildActionMask = 2147483647;
			files = (
			);
			runOnlyForDeploymentPostprocessing = 0;
		};
		2D1D01FB1C3EA3910056B10C /* Resources */ = {
			isa = PBXResourcesBuildPhase;
			buildActionMask = 2147483647;
			files = (
			);
			runOnlyForDeploymentPostprocessing = 0;
		};
/* End PBXResourcesBuildPhase section */

/* Begin PBXShellScriptBuildPhase section */
		14F35F227575C3D152807C16 /* Embed Pods Frameworks */ = {
			isa = PBXShellScriptBuildPhase;
			buildActionMask = 2147483647;
			files = (
			);
			inputPaths = (
			);
			name = "Embed Pods Frameworks";
			outputPaths = (
			);
			runOnlyForDeploymentPostprocessing = 0;
			shellPath = /bin/sh;
			shellScript = "\"${SRCROOT}/Pods/Target Support Files/Pods/Pods-frameworks.sh\"\n";
			showEnvVarsInLog = 0;
		};
		D1E2BA7E340C214CC7F832E5 /* Check Pods Manifest.lock */ = {
			isa = PBXShellScriptBuildPhase;
			buildActionMask = 2147483647;
			files = (
			);
			inputPaths = (
			);
			name = "Check Pods Manifest.lock";
			outputPaths = (
			);
			runOnlyForDeploymentPostprocessing = 0;
			shellPath = /bin/sh;
			shellScript = "diff \"${PODS_ROOT}/../Podfile.lock\" \"${PODS_ROOT}/Manifest.lock\" > /dev/null\nif [[ $? != 0 ]] ; then\n    cat << EOM\nerror: The sandbox is not in sync with the Podfile.lock. Run 'pod install' or update your CocoaPods installation.\nEOM\n    exit 1\nfi\n";
			showEnvVarsInLog = 0;
		};
		E4B61E431DCB94D3371182BF /* Copy Pods Resources */ = {
			isa = PBXShellScriptBuildPhase;
			buildActionMask = 2147483647;
			files = (
			);
			inputPaths = (
			);
			name = "Copy Pods Resources";
			outputPaths = (
			);
			runOnlyForDeploymentPostprocessing = 0;
			shellPath = /bin/sh;
			shellScript = "\"${SRCROOT}/Pods/Target Support Files/Pods/Pods-resources.sh\"\n";
			showEnvVarsInLog = 0;
		};
/* End PBXShellScriptBuildPhase section */

/* Begin PBXSourcesBuildPhase section */
		2D1D01D51C3EA3910056B10C /* Sources */ = {
			isa = PBXSourcesBuildPhase;
			buildActionMask = 2147483647;
			files = (
				2D6308E51C549B2F0092F622 /* AppDelegate.m in Sources */,
				2D6308F11C549B2F0092F622 /* XXLecture.m in Sources */,
				2D6308EB1C549B2F0092F622 /* XXButton.m in Sources */,
				2D6308FA1C549B2F0092F622 /* XXExpertProfileHeaderView.m in Sources */,
				2D6308FD1C549B2F0092F622 /* XXCollectionView.m in Sources */,
				2D6308E01C549B2F0092F622 /* UIView+Extension.m in Sources */,
				2D6309001C549B2F0092F622 /* XXPlayerToolBar.m in Sources */,
				2D6308DA1C549B2F0092F622 /* NSString+Emoji.m in Sources */,
				2D6308F01C549B2F0092F622 /* XXQuestionPhoto.m in Sources */,
				2D6308DF1C549B2F0092F622 /* UITextView+Extension.m in Sources */,
				2D6309021C549B2F0092F622 /* XXQuestionCell.m in Sources */,
				2D6309041C549B2F0092F622 /* XXQuestionHeaderView.m in Sources */,
				2D6308F81C549B2F0092F622 /* XXExpertProfileCell.m in Sources */,
				2D6308FF1C549B2F0092F622 /* XXPlayerPicView.m in Sources */,
				2D63090B1C549E340092F622 /* CXTextViewWithPlaceholder.m in Sources */,
				2D6308D91C549B2F0092F622 /* NSString+CZ.m in Sources */,
				2D6308D81C549B2F0092F622 /* NSDate+Extension.m in Sources */,
				2D6308F51C549B2F0092F622 /* LZBaseVC.m in Sources */,
				2D6309071C549B2F0092F622 /* XXQuestionPhotoView(单个照片).m in Sources */,
				2D6308ED1C549B2F0092F622 /* XXMusic.m in Sources */,
				2D6308F31C549B2F0092F622 /* LZAlbumCreateVC(提问).m in Sources */,
				2D6308E81C549B2F0092F622 /* SDBrowserImageView.m in Sources */,
				2D6308D61C549B2F0092F622 /* XXPlayerVC.m in Sources */,
				2D6308E71C549B2F0092F622 /* XXConst.m in Sources */,
				2D6308EE1C549B2F0092F622 /* XXQuestion.m in Sources */,
				2D6308D21C549B2F0092F622 /* XXExpertProfileVC.m in Sources */,
				2D6308FC1C549B2F0092F622 /* XXCollectionCell.m in Sources */,
				2D6308EC1C549B2F0092F622 /* XXExpert.m in Sources */,
				2D6308E11C549B2F0092F622 /* XXNavigationController.m in Sources */,
				2D6308DB1C549B2F0092F622 /* NSString+Extension.m in Sources */,
				2D6309011C549B2F0092F622 /* XXJoinLectureActionSheet（报名弹窗）.m in Sources */,
				2D6308F21C549B2F0092F622 /* XXUser.m in Sources */,
				2D6308FE1C549B2F0092F622 /* XXPlayerMaskView.m in Sources */,
				2D6308E61C549B2F0092F622 /* main.m in Sources */,
				2D6308DC1C549B2F0092F622 /* UIBarButtonItem+Extension.m in Sources */,
				2D6308D71C549B2F0092F622 /* XXQuestionVC.m in Sources */,
				2D6308D51C549B2F0092F622 /* XXLectureVC（讲座中）.m in Sources */,
				2D6308DE1C549B2F0092F622 /* UIImage+CX.m in Sources */,
				2D6309061C549B2F0092F622 /* XXQuestionPhotosView(相册).m in Sources */,
				2D6308E41C549B2F0092F622 /* MBProgressHUD.m in Sources */,
				2D6308E21C549B2F0092F622 /* MBProgressHUD+CZ.m in Sources */,
				2D6308D41C549B2F0092F622 /* XXLectureJoinVC（讲座前）.m in Sources */,
				2D6308DD1C549B2F0092F622 /* UIButton+CZ.m in Sources */,
				2D6308F61C549B2F0092F622 /* XHPhotographyHelper.m in Sources */,
				2D6308E91C549B2F0092F622 /* SDPhotoBrowser.m in Sources */,
				2D6309081C549B2F0092F622 /* XXQuestionToolbar.m in Sources */,
				2D6308D31C549B2F0092F622 /* XXHomeVC.m in Sources */,
				2D6308EA1C549B2F0092F622 /* SDWaitingView.m in Sources */,
				2D6308F71C549B2F0092F622 /* LZAlbumPhotoCollectionViewCell.m in Sources */,
				2D6308EF1C549B2F0092F622 /* XXQuestionFrame.m in Sources */,
			);
			runOnlyForDeploymentPostprocessing = 0;
		};
		2D1D01EE1C3EA3910056B10C /* Sources */ = {
			isa = PBXSourcesBuildPhase;
			buildActionMask = 2147483647;
			files = (
				2D1D01F71C3EA3910056B10C /* LectureTests.m in Sources */,
			);
			runOnlyForDeploymentPostprocessing = 0;
		};
		2D1D01F91C3EA3910056B10C /* Sources */ = {
			isa = PBXSourcesBuildPhase;
			buildActionMask = 2147483647;
			files = (
				2D1D02021C3EA3910056B10C /* LectureUITests.m in Sources */,
			);
			runOnlyForDeploymentPostprocessing = 0;
		};
/* End PBXSourcesBuildPhase section */

/* Begin PBXTargetDependency section */
		2D1D01F41C3EA3910056B10C /* PBXTargetDependency */ = {
			isa = PBXTargetDependency;
			target = 2D1D01D81C3EA3910056B10C /* Lecture */;
			targetProxy = 2D1D01F31C3EA3910056B10C /* PBXContainerItemProxy */;
		};
		2D1D01FF1C3EA3910056B10C /* PBXTargetDependency */ = {
			isa = PBXTargetDependency;
			target = 2D1D01D81C3EA3910056B10C /* Lecture */;
			targetProxy = 2D1D01FE1C3EA3910056B10C /* PBXContainerItemProxy */;
		};
/* End PBXTargetDependency section */

/* Begin PBXVariantGroup section */
		2D1D01E51C3EA3910056B10C /* Main.storyboard */ = {
			isa = PBXVariantGroup;
			children = (
				2D1D01E61C3EA3910056B10C /* Base */,
			);
			name = Main.storyboard;
			sourceTree = "<group>";
		};
		2D1D01EA1C3EA3910056B10C /* LaunchScreen.storyboard */ = {
			isa = PBXVariantGroup;
			children = (
				2D1D01EB1C3EA3910056B10C /* Base */,
			);
			name = LaunchScreen.storyboard;
			sourceTree = "<group>";
		};
/* End PBXVariantGroup section */

/* Begin XCBuildConfiguration section */
		2D1D02041C3EA3910056B10C /* Debug */ = {
			isa = XCBuildConfiguration;
			buildSettings = {
				ALWAYS_SEARCH_USER_PATHS = NO;
				CLANG_CXX_LANGUAGE_STANDARD = "gnu++0x";
				CLANG_CXX_LIBRARY = "libc++";
				CLANG_ENABLE_MODULES = YES;
				CLANG_ENABLE_OBJC_ARC = YES;
				CLANG_WARN_BOOL_CONVERSION = YES;
				CLANG_WARN_CONSTANT_CONVERSION = YES;
				CLANG_WARN_DIRECT_OBJC_ISA_USAGE = YES_ERROR;
				CLANG_WARN_EMPTY_BODY = YES;
				CLANG_WARN_ENUM_CONVERSION = YES;
				CLANG_WARN_INT_CONVERSION = YES;
				CLANG_WARN_OBJC_ROOT_CLASS = YES_ERROR;
				CLANG_WARN_UNREACHABLE_CODE = YES;
				CLANG_WARN__DUPLICATE_METHOD_MATCH = YES;
				"CODE_SIGN_IDENTITY[sdk=iphoneos*]" = "iPhone Developer";
				COPY_PHASE_STRIP = NO;
				DEBUG_INFORMATION_FORMAT = dwarf;
				ENABLE_STRICT_OBJC_MSGSEND = YES;
				ENABLE_TESTABILITY = YES;
				GCC_C_LANGUAGE_STANDARD = gnu99;
				GCC_DYNAMIC_NO_PIC = NO;
				GCC_NO_COMMON_BLOCKS = YES;
				GCC_OPTIMIZATION_LEVEL = 0;
				GCC_PREPROCESSOR_DEFINITIONS = (
					"DEBUG=1",
					"$(inherited)",
				);
				GCC_WARN_64_TO_32_BIT_CONVERSION = YES;
				GCC_WARN_ABOUT_RETURN_TYPE = YES_ERROR;
				GCC_WARN_UNDECLARED_SELECTOR = YES;
				GCC_WARN_UNINITIALIZED_AUTOS = YES_AGGRESSIVE;
				GCC_WARN_UNUSED_FUNCTION = YES;
				GCC_WARN_UNUSED_VARIABLE = YES;
				IPHONEOS_DEPLOYMENT_TARGET = 9.1;
				MTL_ENABLE_DEBUG_INFO = YES;
				ONLY_ACTIVE_ARCH = YES;
				SDKROOT = iphoneos;
			};
			name = Debug;
		};
		2D1D02051C3EA3910056B10C /* Release */ = {
			isa = XCBuildConfiguration;
			buildSettings = {
				ALWAYS_SEARCH_USER_PATHS = NO;
				CLANG_CXX_LANGUAGE_STANDARD = "gnu++0x";
				CLANG_CXX_LIBRARY = "libc++";
				CLANG_ENABLE_MODULES = YES;
				CLANG_ENABLE_OBJC_ARC = YES;
				CLANG_WARN_BOOL_CONVERSION = YES;
				CLANG_WARN_CONSTANT_CONVERSION = YES;
				CLANG_WARN_DIRECT_OBJC_ISA_USAGE = YES_ERROR;
				CLANG_WARN_EMPTY_BODY = YES;
				CLANG_WARN_ENUM_CONVERSION = YES;
				CLANG_WARN_INT_CONVERSION = YES;
				CLANG_WARN_OBJC_ROOT_CLASS = YES_ERROR;
				CLANG_WARN_UNREACHABLE_CODE = YES;
				CLANG_WARN__DUPLICATE_METHOD_MATCH = YES;
				"CODE_SIGN_IDENTITY[sdk=iphoneos*]" = "iPhone Developer";
				COPY_PHASE_STRIP = NO;
				DEBUG_INFORMATION_FORMAT = "dwarf-with-dsym";
				ENABLE_NS_ASSERTIONS = NO;
				ENABLE_STRICT_OBJC_MSGSEND = YES;
				GCC_C_LANGUAGE_STANDARD = gnu99;
				GCC_NO_COMMON_BLOCKS = YES;
				GCC_WARN_64_TO_32_BIT_CONVERSION = YES;
				GCC_WARN_ABOUT_RETURN_TYPE = YES_ERROR;
				GCC_WARN_UNDECLARED_SELECTOR = YES;
				GCC_WARN_UNINITIALIZED_AUTOS = YES_AGGRESSIVE;
				GCC_WARN_UNUSED_FUNCTION = YES;
				GCC_WARN_UNUSED_VARIABLE = YES;
				IPHONEOS_DEPLOYMENT_TARGET = 9.1;
				MTL_ENABLE_DEBUG_INFO = NO;
				SDKROOT = iphoneos;
				VALIDATE_PRODUCT = YES;
			};
			name = Release;
		};
		2D1D02071C3EA3910056B10C /* Debug */ = {
			isa = XCBuildConfiguration;
			baseConfigurationReference = CE4C166FEFE70DF565C3AA35 /* Pods.debug.xcconfig */;
			buildSettings = {
				ASSETCATALOG_COMPILER_APPICON_NAME = AppIcon;
				ASSETCATALOG_COMPILER_LAUNCHIMAGE_NAME = LaunchImage;
				CODE_SIGN_IDENTITY = "iPhone Developer";
				GCC_PRECOMPILE_PREFIX_HEADER = YES;
				GCC_PREFIX_HEADER = "$(SRCROOT)/Lecture/PrefixHeader.pch";
				INFOPLIST_FILE = Lecture/Info.plist;
				IPHONEOS_DEPLOYMENT_TARGET = 8.1;
				LD_RUNPATH_SEARCH_PATHS = "$(inherited) @executable_path/Frameworks";
				PRODUCT_BUNDLE_IDENTIFIER = ChenXu.Lecture;
				PRODUCT_NAME = "$(TARGET_NAME)";
			};
			name = Debug;
		};
		2D1D02081C3EA3910056B10C /* Release */ = {
			isa = XCBuildConfiguration;
			baseConfigurationReference = E17BD05A64B3256DBE3F2972 /* Pods.release.xcconfig */;
			buildSettings = {
				ASSETCATALOG_COMPILER_APPICON_NAME = AppIcon;
				ASSETCATALOG_COMPILER_LAUNCHIMAGE_NAME = LaunchImage;
				CODE_SIGN_IDENTITY = "iPhone Developer";
				GCC_PRECOMPILE_PREFIX_HEADER = YES;
				GCC_PREFIX_HEADER = "$(SRCROOT)/Lecture/PrefixHeader.pch";
				INFOPLIST_FILE = Lecture/Info.plist;
				IPHONEOS_DEPLOYMENT_TARGET = 8.1;
				LD_RUNPATH_SEARCH_PATHS = "$(inherited) @executable_path/Frameworks";
				PRODUCT_BUNDLE_IDENTIFIER = ChenXu.Lecture;
				PRODUCT_NAME = "$(TARGET_NAME)";
			};
			name = Release;
		};
		2D1D020A1C3EA3910056B10C /* Debug */ = {
			isa = XCBuildConfiguration;
			buildSettings = {
				BUNDLE_LOADER = "$(TEST_HOST)";
				INFOPLIST_FILE = LectureTests/Info.plist;
				LD_RUNPATH_SEARCH_PATHS = "$(inherited) @executable_path/Frameworks @loader_path/Frameworks";
				PRODUCT_BUNDLE_IDENTIFIER = ChenXu.LectureTests;
				PRODUCT_NAME = "$(TARGET_NAME)";
				TEST_HOST = "$(BUILT_PRODUCTS_DIR)/Lecture.app/Lecture";
			};
			name = Debug;
		};
		2D1D020B1C3EA3910056B10C /* Release */ = {
			isa = XCBuildConfiguration;
			buildSettings = {
				BUNDLE_LOADER = "$(TEST_HOST)";
				INFOPLIST_FILE = LectureTests/Info.plist;
				LD_RUNPATH_SEARCH_PATHS = "$(inherited) @executable_path/Frameworks @loader_path/Frameworks";
				PRODUCT_BUNDLE_IDENTIFIER = ChenXu.LectureTests;
				PRODUCT_NAME = "$(TARGET_NAME)";
				TEST_HOST = "$(BUILT_PRODUCTS_DIR)/Lecture.app/Lecture";
			};
			name = Release;
		};
		2D1D020D1C3EA3910056B10C /* Debug */ = {
			isa = XCBuildConfiguration;
			buildSettings = {
				INFOPLIST_FILE = LectureUITests/Info.plist;
				LD_RUNPATH_SEARCH_PATHS = "$(inherited) @executable_path/Frameworks @loader_path/Frameworks";
				PRODUCT_BUNDLE_IDENTIFIER = ChenXu.LectureUITests;
				PRODUCT_NAME = "$(TARGET_NAME)";
				TEST_TARGET_NAME = Lecture;
				USES_XCTRUNNER = YES;
			};
			name = Debug;
		};
		2D1D020E1C3EA3910056B10C /* Release */ = {
			isa = XCBuildConfiguration;
			buildSettings = {
				INFOPLIST_FILE = LectureUITests/Info.plist;
				LD_RUNPATH_SEARCH_PATHS = "$(inherited) @executable_path/Frameworks @loader_path/Frameworks";
				PRODUCT_BUNDLE_IDENTIFIER = ChenXu.LectureUITests;
				PRODUCT_NAME = "$(TARGET_NAME)";
				TEST_TARGET_NAME = Lecture;
				USES_XCTRUNNER = YES;
			};
			name = Release;
		};
/* End XCBuildConfiguration section */

/* Begin XCConfigurationList section */
		2D1D01D41C3EA3910056B10C /* Build configuration list for PBXProject "Lecture" */ = {
			isa = XCConfigurationList;
			buildConfigurations = (
				2D1D02041C3EA3910056B10C /* Debug */,
				2D1D02051C3EA3910056B10C /* Release */,
			);
			defaultConfigurationIsVisible = 0;
			defaultConfigurationName = Release;
		};
		2D1D02061C3EA3910056B10C /* Build configuration list for PBXNativeTarget "Lecture" */ = {
			isa = XCConfigurationList;
			buildConfigurations = (
				2D1D02071C3EA3910056B10C /* Debug */,
				2D1D02081C3EA3910056B10C /* Release */,
			);
			defaultConfigurationIsVisible = 0;
			defaultConfigurationName = Release;
		};
		2D1D02091C3EA3910056B10C /* Build configuration list for PBXNativeTarget "LectureTests" */ = {
			isa = XCConfigurationList;
			buildConfigurations = (
				2D1D020A1C3EA3910056B10C /* Debug */,
				2D1D020B1C3EA3910056B10C /* Release */,
			);
			defaultConfigurationIsVisible = 0;
			defaultConfigurationName = Release;
		};
		2D1D020C1C3EA3910056B10C /* Build configuration list for PBXNativeTarget "LectureUITests" */ = {
			isa = XCConfigurationList;
			buildConfigurations = (
				2D1D020D1C3EA3910056B10C /* Debug */,
				2D1D020E1C3EA3910056B10C /* Release */,
			);
			defaultConfigurationIsVisible = 0;
			defaultConfigurationName = Release;
		};
/* End XCConfigurationList section */
	};
	rootObject = 2D1D01D11C3EA3910056B10C /* Project object */;
}
