// !$*UTF8*$!
{
	archiveVersion = 1;
	classes = {
	};
	objectVersion = 46;
	objects = {

/* Begin PBXBuildFile section */
		2D1D01E71C3EA3910056B10C /* Main.storyboard in Resources */ = {isa = PBXBuildFile; fileRef = 2D1D01E51C3EA3910056B10C /* Main.storyboard */; };
		2D1D01E91C3EA3910056B10C /* Assets.xcassets in Resources */ = {isa = PBXBuildFile; fileRef = 2D1D01E81C3EA3910056B10C /* Assets.xcassets */; };
		2D1D01EC1C3EA3910056B10C /* LaunchScreen.storyboard in Resources */ = {isa = PBXBuildFile; fileRef = 2D1D01EA1C3EA3910056B10C /* LaunchScreen.storyboard */; };
		2D1D01F71C3EA3910056B10C /* LectureTests.m in Sources */ = {isa = PBXBuildFile; fileRef = 2D1D01F61C3EA3910056B10C /* LectureTests.m */; };
		2D1D02021C3EA3910056B10C /* LectureUITests.m in Sources */ = {isa = PBXBuildFile; fileRef = 2D1D02011C3EA3910056B10C /* LectureUITests.m */; };
		2D1D02211C3EA74F0056B10C /* AppDelegate.m in Sources */ = {isa = PBXBuildFile; fileRef = 2D1D02181C3EA74F0056B10C /* AppDelegate.m */; };
		2D1D02221C3EA74F0056B10C /* main.m in Sources */ = {isa = PBXBuildFile; fileRef = 2D1D02191C3EA74F0056B10C /* main.m */; };
		2D1D022B1C3EAB170056B10C /* XXLectureViewController.m in Sources */ = {isa = PBXBuildFile; fileRef = 2D1D02291C3EAB170056B10C /* XXLectureViewController.m */; };
		2D1D022C1C3EAB170056B10C /* XXLectureViewController.xib in Resources */ = {isa = PBXBuildFile; fileRef = 2D1D022A1C3EAB170056B10C /* XXLectureViewController.xib */; };
		2D1D022F1C3EB2C10056B10C /* XXPlayerView.m in Sources */ = {isa = PBXBuildFile; fileRef = 2D1D022E1C3EB2C10056B10C /* XXPlayerView.m */; };
		2D1D20131C3F731D0093C310 /* UIView+Extension.m in Sources */ = {isa = PBXBuildFile; fileRef = 2D1D20121C3F731D0093C310 /* UIView+Extension.m */; };
		2D1D20161C3F89FE0093C310 /* XXPlayerView.xib in Resources */ = {isa = PBXBuildFile; fileRef = 2D1D20151C3F89FE0093C310 /* XXPlayerView.xib */; };
/* End PBXBuildFile section */

/* Begin PBXContainerItemProxy section */
		2D1D01F31C3EA3910056B10C /* PBXContainerItemProxy */ = {
			isa = PBXContainerItemProxy;
			containerPortal = 2D1D01D11C3EA3910056B10C /* Project object */;
			proxyType = 1;
			remoteGlobalIDString = 2D1D01D81C3EA3910056B10C;
			remoteInfo = Lecture;
		};
		2D1D01FE1C3EA3910056B10C /* PBXContainerItemProxy */ = {
			isa = PBXContainerItemProxy;
			containerPortal = 2D1D01D11C3EA3910056B10C /* Project object */;
			proxyType = 1;
			remoteGlobalIDString = 2D1D01D81C3EA3910056B10C;
			remoteInfo = Lecture;
		};
/* End PBXContainerItemProxy section */

/* Begin PBXFileReference section */
		2D1D01D91C3EA3910056B10C /* Lecture.app */ = {isa = PBXFileReference; explicitFileType = wrapper.application; includeInIndex = 0; path = Lecture.app; sourceTree = BUILT_PRODUCTS_DIR; };
		2D1D01E61C3EA3910056B10C /* Base */ = {isa = PBXFileReference; lastKnownFileType = file.storyboard; name = Base; path = Base.lproj/Main.storyboard; sourceTree = "<group>"; };
		2D1D01E81C3EA3910056B10C /* Assets.xcassets */ = {isa = PBXFileReference; lastKnownFileType = folder.assetcatalog; path = Assets.xcassets; sourceTree = "<group>"; };
		2D1D01EB1C3EA3910056B10C /* Base */ = {isa = PBXFileReference; lastKnownFileType = file.storyboard; name = Base; path = Base.lproj/LaunchScreen.storyboard; sourceTree = "<group>"; };
		2D1D01ED1C3EA3910056B10C /* Info.plist */ = {isa = PBXFileReference; lastKnownFileType = text.plist.xml; path = Info.plist; sourceTree = "<group>"; };
		2D1D01F21C3EA3910056B10C /* LectureTests.xctest */ = {isa = PBXFileReference; explicitFileType = wrapper.cfbundle; includeInIndex = 0; path = LectureTests.xctest; sourceTree = BUILT_PRODUCTS_DIR; };
		2D1D01F61C3EA3910056B10C /* LectureTests.m */ = {isa = PBXFileReference; lastKnownFileType = sourcecode.c.objc; path = LectureTests.m; sourceTree = "<group>"; };
		2D1D01F81C3EA3910056B10C /* Info.plist */ = {isa = PBXFileReference; lastKnownFileType = text.plist.xml; path = Info.plist; sourceTree = "<group>"; };
		2D1D01FD1C3EA3910056B10C /* LectureUITests.xctest */ = {isa = PBXFileReference; explicitFileType = wrapper.cfbundle; includeInIndex = 0; path = LectureUITests.xctest; sourceTree = BUILT_PRODUCTS_DIR; };
		2D1D02011C3EA3910056B10C /* LectureUITests.m */ = {isa = PBXFileReference; lastKnownFileType = sourcecode.c.objc; path = LectureUITests.m; sourceTree = "<group>"; };
		2D1D02031C3EA3910056B10C /* Info.plist */ = {isa = PBXFileReference; lastKnownFileType = text.plist.xml; path = Info.plist; sourceTree = "<group>"; };
		2D1D02171C3EA74F0056B10C /* AppDelegate.h */ = {isa = PBXFileReference; fileEncoding = 4; lastKnownFileType = sourcecode.c.h; path = AppDelegate.h; sourceTree = "<group>"; };
		2D1D02181C3EA74F0056B10C /* AppDelegate.m */ = {isa = PBXFileReference; fileEncoding = 4; lastKnownFileType = sourcecode.c.objc; path = AppDelegate.m; sourceTree = "<group>"; };
		2D1D02191C3EA74F0056B10C /* main.m */ = {isa = PBXFileReference; fileEncoding = 4; lastKnownFileType = sourcecode.c.objc; path = main.m; sourceTree = "<group>"; };
		2D1D02281C3EAB170056B10C /* XXLectureViewController.h */ = {isa = PBXFileReference; fileEncoding = 4; lastKnownFileType = sourcecode.c.h; path = XXLectureViewController.h; sourceTree = "<group>"; };
		2D1D02291C3EAB170056B10C /* XXLectureViewController.m */ = {isa = PBXFileReference; fileEncoding = 4; lastKnownFileType = sourcecode.c.objc; path = XXLectureViewController.m; sourceTree = "<group>"; };
		2D1D022A1C3EAB170056B10C /* XXLectureViewController.xib */ = {isa = PBXFileReference; fileEncoding = 4; lastKnownFileType = file.xib; path = XXLectureViewController.xib; sourceTree = "<group>"; };
		2D1D022D1C3EB2C10056B10C /* XXPlayerView.h */ = {isa = PBXFileReference; fileEncoding = 4; lastKnownFileType = sourcecode.c.h; path = XXPlayerView.h; sourceTree = "<group>"; };
		2D1D022E1C3EB2C10056B10C /* XXPlayerView.m */ = {isa = PBXFileReference; fileEncoding = 4; lastKnownFileType = sourcecode.c.objc; path = XXPlayerView.m; sourceTree = "<group>"; };
		2D1D20111C3F731D0093C310 /* UIView+Extension.h */ = {isa = PBXFileReference; fileEncoding = 4; lastKnownFileType = sourcecode.c.h; path = "UIView+Extension.h"; sourceTree = "<group>"; };
		2D1D20121C3F731D0093C310 /* UIView+Extension.m */ = {isa = PBXFileReference; fileEncoding = 4; lastKnownFileType = sourcecode.c.objc; path = "UIView+Extension.m"; sourceTree = "<group>"; };
		2D1D20141C3F733F0093C310 /* PrefixHeader.pch */ = {isa = PBXFileReference; fileEncoding = 4; lastKnownFileType = sourcecode.c.h; path = PrefixHeader.pch; sourceTree = "<group>"; };
		2D1D20151C3F89FE0093C310 /* XXPlayerView.xib */ = {isa = PBXFileReference; fileEncoding = 4; lastKnownFileType = file.xib; path = XXPlayerView.xib; sourceTree = "<group>"; };
/* End PBXFileReference section */

/* Begin PBXFrameworksBuildPhase section */
		2D1D01D61C3EA3910056B10C /* Frameworks */ = {
			isa = PBXFrameworksBuildPhase;
			buildActionMask = 2147483647;
			files = (
			);
			runOnlyForDeploymentPostprocessing = 0;
		};
		2D1D01EF1C3EA3910056B10C /* Frameworks */ = {
			isa = PBXFrameworksBuildPhase;
			buildActionMask = 2147483647;
			files = (
			);
			runOnlyForDeploymentPostprocessing = 0;
		};
		2D1D01FA1C3EA3910056B10C /* Frameworks */ = {
			isa = PBXFrameworksBuildPhase;
			buildActionMask = 2147483647;
			files = (
			);
			runOnlyForDeploymentPostprocessing = 0;
		};
/* End PBXFrameworksBuildPhase section */

/* Begin PBXGroup section */
		2D1D01D01C3EA3910056B10C = {
			isa = PBXGroup;
			children = (
				2D1D01DB1C3EA3910056B10C /* Lecture */,
				2D1D01F51C3EA3910056B10C /* LectureTests */,
				2D1D02001C3EA3910056B10C /* LectureUITests */,
				2D1D01DA1C3EA3910056B10C /* Products */,
			);
			sourceTree = "<group>";
		};
		2D1D01DA1C3EA3910056B10C /* Products */ = {
			isa = PBXGroup;
			children = (
				2D1D01D91C3EA3910056B10C /* Lecture.app */,
				2D1D01F21C3EA3910056B10C /* LectureTests.xctest */,
				2D1D01FD1C3EA3910056B10C /* LectureUITests.xctest */,
			);
			name = Products;
			sourceTree = "<group>";
		};
		2D1D01DB1C3EA3910056B10C /* Lecture */ = {
			isa = PBXGroup;
			children = (
				2D1D020F1C3EA74F0056B10C /* Classes */,
				2D1D01DC1C3EA3910056B10C /* Supporting Files */,
			);
			path = Lecture;
			sourceTree = "<group>";
		};
		2D1D01DC1C3EA3910056B10C /* Supporting Files */ = {
			isa = PBXGroup;
			children = (
				2D1D01E51C3EA3910056B10C /* Main.storyboard */,
				2D1D01E81C3EA3910056B10C /* Assets.xcassets */,
				2D1D01EA1C3EA3910056B10C /* LaunchScreen.storyboard */,
				2D1D01ED1C3EA3910056B10C /* Info.plist */,
				2D1D20141C3F733F0093C310 /* PrefixHeader.pch */,
			);
			name = "Supporting Files";
			sourceTree = "<group>";
		};
		2D1D01F51C3EA3910056B10C /* LectureTests */ = {
			isa = PBXGroup;
			children = (
				2D1D01F61C3EA3910056B10C /* LectureTests.m */,
				2D1D01F81C3EA3910056B10C /* Info.plist */,
			);
			path = LectureTests;
			sourceTree = "<group>";
		};
		2D1D02001C3EA3910056B10C /* LectureUITests */ = {
			isa = PBXGroup;
			children = (
				2D1D02011C3EA3910056B10C /* LectureUITests.m */,
				2D1D02031C3EA3910056B10C /* Info.plist */,
			);
			path = LectureUITests;
			sourceTree = "<group>";
		};
		2D1D020F1C3EA74F0056B10C /* Classes */ = {
			isa = PBXGroup;
			children = (
				2D1D02101C3EA74F0056B10C /* Controller */,
				2D1D02111C3EA74F0056B10C /* Main */,
				2D1D021C1C3EA74F0056B10C /* Model */,
				2D1D021D1C3EA74F0056B10C /* Temp */,
				2D1D021E1C3EA74F0056B10C /* View */,
			);
			path = Classes;
			sourceTree = "<group>";
		};
		2D1D02101C3EA74F0056B10C /* Controller */ = {
			isa = PBXGroup;
			children = (
				2D1D02281C3EAB170056B10C /* XXLectureViewController.h */,
				2D1D02291C3EAB170056B10C /* XXLectureViewController.m */,
				2D1D022A1C3EAB170056B10C /* XXLectureViewController.xib */,
			);
			path = Controller;
			sourceTree = "<group>";
		};
		2D1D02111C3EA74F0056B10C /* Main */ = {
			isa = PBXGroup;
			children = (
				2D1D02121C3EA74F0056B10C /* Category */,
				2D1D02131C3EA74F0056B10C /* Controller */,
				2D1D02141C3EA74F0056B10C /* Lib */,
				2D1D02151C3EA74F0056B10C /* Model */,
				2D1D02161C3EA74F0056B10C /* Other */,
				2D1D021A1C3EA74F0056B10C /* Tool */,
				2D1D021B1C3EA74F0056B10C /* View */,
			);
			path = Main;
			sourceTree = "<group>";
		};
		2D1D02121C3EA74F0056B10C /* Category */ = {
			isa = PBXGroup;
			children = (
				2D1D20111C3F731D0093C310 /* UIView+Extension.h */,
				2D1D20121C3F731D0093C310 /* UIView+Extension.m */,
			);
			path = Category;
			sourceTree = "<group>";
		};
		2D1D02131C3EA74F0056B10C /* Controller */ = {
			isa = PBXGroup;
			children = (
			);
			path = Controller;
			sourceTree = "<group>";
		};
		2D1D02141C3EA74F0056B10C /* Lib */ = {
			isa = PBXGroup;
			children = (
			);
			path = Lib;
			sourceTree = "<group>";
		};
		2D1D02151C3EA74F0056B10C /* Model */ = {
			isa = PBXGroup;
			children = (
			);
			path = Model;
			sourceTree = "<group>";
		};
		2D1D02161C3EA74F0056B10C /* Other */ = {
			isa = PBXGroup;
			children = (
				2D1D02171C3EA74F0056B10C /* AppDelegate.h */,
				2D1D02181C3EA74F0056B10C /* AppDelegate.m */,
				2D1D02191C3EA74F0056B10C /* main.m */,
			);
			path = Other;
			sourceTree = "<group>";
		};
		2D1D021A1C3EA74F0056B10C /* Tool */ = {
			isa = PBXGroup;
			children = (
			);
			path = Tool;
			sourceTree = "<group>";
		};
		2D1D021B1C3EA74F0056B10C /* View */ = {
			isa = PBXGroup;
			children = (
			);
			path = View;
			sourceTree = "<group>";
		};
		2D1D021C1C3EA74F0056B10C /* Model */ = {
			isa = PBXGroup;
			children = (
			);
			path = Model;
			sourceTree = "<group>";
		};
		2D1D021D1C3EA74F0056B10C /* Temp */ = {
			isa = PBXGroup;
			children = (
			);
			path = Temp;
			sourceTree = "<group>";
		};
		2D1D021E1C3EA74F0056B10C /* View */ = {
			isa = PBXGroup;
			children = (
				2D1D021F1C3EA74F0056B10C /* PlayerView */,
				2D1D02201C3EA74F0056B10C /* TableView */,
			);
			path = View;
			sourceTree = "<group>";
		};
		2D1D021F1C3EA74F0056B10C /* PlayerView */ = {
			isa = PBXGroup;
			children = (
				2D1D022D1C3EB2C10056B10C /* XXPlayerView.h */,
				2D1D022E1C3EB2C10056B10C /* XXPlayerView.m */,
				2D1D20151C3F89FE0093C310 /* XXPlayerView.xib */,
			);
			path = PlayerView;
			sourceTree = "<group>";
		};
		2D1D02201C3EA74F0056B10C /* TableView */ = {
			isa = PBXGroup;
			children = (
			);
			path = TableView;
			sourceTree = "<group>";
		};
/* End PBXGroup section */

/* Begin PBXNativeTarget section */
		2D1D01D81C3EA3910056B10C /* Lecture */ = {
			isa = PBXNativeTarget;
			buildConfigurationList = 2D1D02061C3EA3910056B10C /* Build configuration list for PBXNativeTarget "Lecture" */;
			buildPhases = (
				2D1D01D51C3EA3910056B10C /* Sources */,
				2D1D01D61C3EA3910056B10C /* Frameworks */,
				2D1D01D71C3EA3910056B10C /* Resources */,
			);
			buildRules = (
			);
			dependencies = (
			);
			name = Lecture;
			productName = Lecture;
			productReference = 2D1D01D91C3EA3910056B10C /* Lecture.app */;
			productType = "com.apple.product-type.application";
		};
		2D1D01F11C3EA3910056B10C /* LectureTests */ = {
			isa = PBXNativeTarget;
			buildConfigurationList = 2D1D02091C3EA3910056B10C /* Build configuration list for PBXNativeTarget "LectureTests" */;
			buildPhases = (
				2D1D01EE1C3EA3910056B10C /* Sources */,
				2D1D01EF1C3EA3910056B10C /* Frameworks */,
				2D1D01F01C3EA3910056B10C /* Resources */,
			);
			buildRules = (
			);
			dependencies = (
				2D1D01F41C3EA3910056B10C /* PBXTargetDependency */,
			);
			name = LectureTests;
			productName = LectureTests;
			productReference = 2D1D01F21C3EA3910056B10C /* LectureTests.xctest */;
			productType = "com.apple.product-type.bundle.unit-test";
		};
		2D1D01FC1C3EA3910056B10C /* LectureUITests */ = {
			isa = PBXNativeTarget;
			buildConfigurationList = 2D1D020C1C3EA3910056B10C /* Build configuration list for PBXNativeTarget "LectureUITests" */;
			buildPhases = (
				2D1D01F91C3EA3910056B10C /* Sources */,
				2D1D01FA1C3EA3910056B10C /* Frameworks */,
				2D1D01FB1C3EA3910056B10C /* Resources */,
			);
			buildRules = (
			);
			dependencies = (
				2D1D01FF1C3EA3910056B10C /* PBXTargetDependency */,
			);
			name = LectureUITests;
			productName = LectureUITests;
			productReference = 2D1D01FD1C3EA3910056B10C /* LectureUITests.xctest */;
			productType = "com.apple.product-type.bundle.ui-testing";
		};
/* End PBXNativeTarget section */

/* Begin PBXProject section */
		2D1D01D11C3EA3910056B10C /* Project object */ = {
			isa = PBXProject;
			attributes = {
				CLASSPREFIX = HW;
				LastUpgradeCheck = 0710;
				ORGANIZATIONNAME = "陈旭";
				TargetAttributes = {
					2D1D01D81C3EA3910056B10C = {
						CreatedOnToolsVersion = 7.1.1;
					};
					2D1D01F11C3EA3910056B10C = {
						CreatedOnToolsVersion = 7.1.1;
						TestTargetID = 2D1D01D81C3EA3910056B10C;
					};
					2D1D01FC1C3EA3910056B10C = {
						CreatedOnToolsVersion = 7.1.1;
						TestTargetID = 2D1D01D81C3EA3910056B10C;
					};
				};
			};
			buildConfigurationList = 2D1D01D41C3EA3910056B10C /* Build configuration list for PBXProject "Lecture" */;
			compatibilityVersion = "Xcode 3.2";
			developmentRegion = English;
			hasScannedForEncodings = 0;
			knownRegions = (
				en,
				Base,
			);
			mainGroup = 2D1D01D01C3EA3910056B10C;
			productRefGroup = 2D1D01DA1C3EA3910056B10C /* Products */;
			projectDirPath = "";
			projectRoot = "";
			targets = (
				2D1D01D81C3EA3910056B10C /* Lecture */,
				2D1D01F11C3EA3910056B10C /* LectureTests */,
				2D1D01FC1C3EA3910056B10C /* LectureUITests */,
			);
		};
/* End PBXProject section */

/* Begin PBXResourcesBuildPhase section */
		2D1D01D71C3EA3910056B10C /* Resources */ = {
			isa = PBXResourcesBuildPhase;
			buildActionMask = 2147483647;
			files = (
				2D1D01EC1C3EA3910056B10C /* LaunchScreen.storyboard in Resources */,
				2D1D01E91C3EA3910056B10C /* Assets.xcassets in Resources */,
				2D1D01E71C3EA3910056B10C /* Main.storyboard in Resources */,
				2D1D022C1C3EAB170056B10C /* XXLectureViewController.xib in Resources */,
				2D1D20161C3F89FE0093C310 /* XXPlayerView.xib in Resources */,
			);
			runOnlyForDeploymentPostprocessing = 0;
		};
		2D1D01F01C3EA3910056B10C /* Resources */ = {
			isa = PBXResourcesBuildPhase;
			buildActionMask = 2147483647;
			files = (
			);
			runOnlyForDeploymentPostprocessing = 0;
		};
		2D1D01FB1C3EA3910056B10C /* Resources */ = {
			isa = PBXResourcesBuildPhase;
			buildActionMask = 2147483647;
			files = (
			);
			runOnlyForDeploymentPostprocessing = 0;
		};
/* End PBXResourcesBuildPhase section */

/* Begin PBXSourcesBuildPhase section */
		2D1D01D51C3EA3910056B10C /* Sources */ = {
			isa = PBXSourcesBuildPhase;
			buildActionMask = 2147483647;
			files = (
				2D1D20131C3F731D0093C310 /* UIView+Extension.m in Sources */,
				2D1D02211C3EA74F0056B10C /* AppDelegate.m in Sources */,
				2D1D022F1C3EB2C10056B10C /* XXPlayerView.m in Sources */,
				2D1D02221C3EA74F0056B10C /* main.m in Sources */,
				2D1D022B1C3EAB170056B10C /* XXLectureViewController.m in Sources */,
			);
			runOnlyForDeploymentPostprocessing = 0;
		};
		2D1D01EE1C3EA3910056B10C /* Sources */ = {
			isa = PBXSourcesBuildPhase;
			buildActionMask = 2147483647;
			files = (
				2D1D01F71C3EA3910056B10C /* LectureTests.m in Sources */,
			);
			runOnlyForDeploymentPostprocessing = 0;
		};
		2D1D01F91C3EA3910056B10C /* Sources */ = {
			isa = PBXSourcesBuildPhase;
			buildActionMask = 2147483647;
			files = (
				2D1D02021C3EA3910056B10C /* LectureUITests.m in Sources */,
			);
			runOnlyForDeploymentPostprocessing = 0;
		};
/* End PBXSourcesBuildPhase section */

/* Begin PBXTargetDependency section */
		2D1D01F41C3EA3910056B10C /* PBXTargetDependency */ = {
			isa = PBXTargetDependency;
			target = 2D1D01D81C3EA3910056B10C /* Lecture */;
			targetProxy = 2D1D01F31C3EA3910056B10C /* PBXContainerItemProxy */;
		};
		2D1D01FF1C3EA3910056B10C /* PBXTargetDependency */ = {
			isa = PBXTargetDependency;
			target = 2D1D01D81C3EA3910056B10C /* Lecture */;
			targetProxy = 2D1D01FE1C3EA3910056B10C /* PBXContainerItemProxy */;
		};
/* End PBXTargetDependency section */

/* Begin PBXVariantGroup section */
		2D1D01E51C3EA3910056B10C /* Main.storyboard */ = {
			isa = PBXVariantGroup;
			children = (
				2D1D01E61C3EA3910056B10C /* Base */,
			);
			name = Main.storyboard;
			sourceTree = "<group>";
		};
		2D1D01EA1C3EA3910056B10C /* LaunchScreen.storyboard */ = {
			isa = PBXVariantGroup;
			children = (
				2D1D01EB1C3EA3910056B10C /* Base */,
			);
			name = LaunchScreen.storyboard;
			sourceTree = "<group>";
		};
/* End PBXVariantGroup section */

/* Begin XCBuildConfiguration section */
		2D1D02041C3EA3910056B10C /* Debug */ = {
			isa = XCBuildConfiguration;
			buildSettings = {
				ALWAYS_SEARCH_USER_PATHS = NO;
				CLANG_CXX_LANGUAGE_STANDARD = "gnu++0x";
				CLANG_CXX_LIBRARY = "libc++";
				CLANG_ENABLE_MODULES = YES;
				CLANG_ENABLE_OBJC_ARC = YES;
				CLANG_WARN_BOOL_CONVERSION = YES;
				CLANG_WARN_CONSTANT_CONVERSION = YES;
				CLANG_WARN_DIRECT_OBJC_ISA_USAGE = YES_ERROR;
				CLANG_WARN_EMPTY_BODY = YES;
				CLANG_WARN_ENUM_CONVERSION = YES;
				CLANG_WARN_INT_CONVERSION = YES;
				CLANG_WARN_OBJC_ROOT_CLASS = YES_ERROR;
				CLANG_WARN_UNREACHABLE_CODE = YES;
				CLANG_WARN__DUPLICATE_METHOD_MATCH = YES;
				"CODE_SIGN_IDENTITY[sdk=iphoneos*]" = "iPhone Developer";
				COPY_PHASE_STRIP = NO;
				DEBUG_INFORMATION_FORMAT = dwarf;
				ENABLE_STRICT_OBJC_MSGSEND = YES;
				ENABLE_TESTABILITY = YES;
				GCC_C_LANGUAGE_STANDARD = gnu99;
				GCC_DYNAMIC_NO_PIC = NO;
				GCC_NO_COMMON_BLOCKS = YES;
				GCC_OPTIMIZATION_LEVEL = 0;
				GCC_PREPROCESSOR_DEFINITIONS = (
					"DEBUG=1",
					"$(inherited)",
				);
				GCC_WARN_64_TO_32_BIT_CONVERSION = YES;
				GCC_WARN_ABOUT_RETURN_TYPE = YES_ERROR;
				GCC_WARN_UNDECLARED_SELECTOR = YES;
				GCC_WARN_UNINITIALIZED_AUTOS = YES_AGGRESSIVE;
				GCC_WARN_UNUSED_FUNCTION = YES;
				GCC_WARN_UNUSED_VARIABLE = YES;
				IPHONEOS_DEPLOYMENT_TARGET = 9.1;
				MTL_ENABLE_DEBUG_INFO = YES;
				ONLY_ACTIVE_ARCH = YES;
				SDKROOT = iphoneos;
			};
			name = Debug;
		};
		2D1D02051C3EA3910056B10C /* Release */ = {
			isa = XCBuildConfiguration;
			buildSettings = {
				ALWAYS_SEARCH_USER_PATHS = NO;
				CLANG_CXX_LANGUAGE_STANDARD = "gnu++0x";
				CLANG_CXX_LIBRARY = "libc++";
				CLANG_ENABLE_MODULES = YES;
				CLANG_ENABLE_OBJC_ARC = YES;
				CLANG_WARN_BOOL_CONVERSION = YES;
				CLANG_WARN_CONSTANT_CONVERSION = YES;
				CLANG_WARN_DIRECT_OBJC_ISA_USAGE = YES_ERROR;
				CLANG_WARN_EMPTY_BODY = YES;
				CLANG_WARN_ENUM_CONVERSION = YES;
				CLANG_WARN_INT_CONVERSION = YES;
				CLANG_WARN_OBJC_ROOT_CLASS = YES_ERROR;
				CLANG_WARN_UNREACHABLE_CODE = YES;
				CLANG_WARN__DUPLICATE_METHOD_MATCH = YES;
				"CODE_SIGN_IDENTITY[sdk=iphoneos*]" = "iPhone Developer";
				COPY_PHASE_STRIP = NO;
				DEBUG_INFORMATION_FORMAT = "dwarf-with-dsym";
				ENABLE_NS_ASSERTIONS = NO;
				ENABLE_STRICT_OBJC_MSGSEND = YES;
				GCC_C_LANGUAGE_STANDARD = gnu99;
				GCC_NO_COMMON_BLOCKS = YES;
				GCC_WARN_64_TO_32_BIT_CONVERSION = YES;
				GCC_WARN_ABOUT_RETURN_TYPE = YES_ERROR;
				GCC_WARN_UNDECLARED_SELECTOR = YES;
				GCC_WARN_UNINITIALIZED_AUTOS = YES_AGGRESSIVE;
				GCC_WARN_UNUSED_FUNCTION = YES;
				GCC_WARN_UNUSED_VARIABLE = YES;
				IPHONEOS_DEPLOYMENT_TARGET = 9.1;
				MTL_ENABLE_DEBUG_INFO = NO;
				SDKROOT = iphoneos;
				VALIDATE_PRODUCT = YES;
			};
			name = Release;
		};
		2D1D02071C3EA3910056B10C /* Debug */ = {
			isa = XCBuildConfiguration;
			buildSettings = {
				ASSETCATALOG_COMPILER_APPICON_NAME = AppIcon;
				GCC_PRECOMPILE_PREFIX_HEADER = YES;
				GCC_PREFIX_HEADER = "$(SRCROOT)/Lecture/PrefixHeader.pch";
				INFOPLIST_FILE = Lecture/Info.plist;
				IPHONEOS_DEPLOYMENT_TARGET = 8.1;
				LD_RUNPATH_SEARCH_PATHS = "$(inherited) @executable_path/Frameworks";
				PRODUCT_BUNDLE_IDENTIFIER = ChenXu.Lecture;
				PRODUCT_NAME = "$(TARGET_NAME)";
			};
			name = Debug;
		};
		2D1D02081C3EA3910056B10C /* Release */ = {
			isa = XCBuildConfiguration;
			buildSettings = {
				ASSETCATALOG_COMPILER_APPICON_NAME = AppIcon;
				GCC_PRECOMPILE_PREFIX_HEADER = YES;
				GCC_PREFIX_HEADER = "$(SRCROOT)/Lecture/PrefixHeader.pch";
				INFOPLIST_FILE = Lecture/Info.plist;
				IPHONEOS_DEPLOYMENT_TARGET = 8.1;
				LD_RUNPATH_SEARCH_PATHS = "$(inherited) @executable_path/Frameworks";
				PRODUCT_BUNDLE_IDENTIFIER = ChenXu.Lecture;
				PRODUCT_NAME = "$(TARGET_NAME)";
			};
			name = Release;
		};
		2D1D020A1C3EA3910056B10C /* Debug */ = {
			isa = XCBuildConfiguration;
			buildSettings = {
				BUNDLE_LOADER = "$(TEST_HOST)";
				INFOPLIST_FILE = LectureTests/Info.plist;
				LD_RUNPATH_SEARCH_PATHS = "$(inherited) @executable_path/Frameworks @loader_path/Frameworks";
				PRODUCT_BUNDLE_IDENTIFIER = ChenXu.LectureTests;
				PRODUCT_NAME = "$(TARGET_NAME)";
				TEST_HOST = "$(BUILT_PRODUCTS_DIR)/Lecture.app/Lecture";
			};
			name = Debug;
		};
		2D1D020B1C3EA3910056B10C /* Release */ = {
			isa = XCBuildConfiguration;
			buildSettings = {
				BUNDLE_LOADER = "$(TEST_HOST)";
				INFOPLIST_FILE = LectureTests/Info.plist;
				LD_RUNPATH_SEARCH_PATHS = "$(inherited) @executable_path/Frameworks @loader_path/Frameworks";
				PRODUCT_BUNDLE_IDENTIFIER = ChenXu.LectureTests;
				PRODUCT_NAME = "$(TARGET_NAME)";
				TEST_HOST = "$(BUILT_PRODUCTS_DIR)/Lecture.app/Lecture";
			};
			name = Release;
		};
		2D1D020D1C3EA3910056B10C /* Debug */ = {
			isa = XCBuildConfiguration;
			buildSettings = {
				INFOPLIST_FILE = LectureUITests/Info.plist;
				LD_RUNPATH_SEARCH_PATHS = "$(inherited) @executable_path/Frameworks @loader_path/Frameworks";
				PRODUCT_BUNDLE_IDENTIFIER = ChenXu.LectureUITests;
				PRODUCT_NAME = "$(TARGET_NAME)";
				TEST_TARGET_NAME = Lecture;
				USES_XCTRUNNER = YES;
			};
			name = Debug;
		};
		2D1D020E1C3EA3910056B10C /* Release */ = {
			isa = XCBuildConfiguration;
			buildSettings = {
				INFOPLIST_FILE = LectureUITests/Info.plist;
				LD_RUNPATH_SEARCH_PATHS = "$(inherited) @executable_path/Frameworks @loader_path/Frameworks";
				PRODUCT_BUNDLE_IDENTIFIER = ChenXu.LectureUITests;
				PRODUCT_NAME = "$(TARGET_NAME)";
				TEST_TARGET_NAME = Lecture;
				USES_XCTRUNNER = YES;
			};
			name = Release;
		};
/* End XCBuildConfiguration section */

/* Begin XCConfigurationList section */
		2D1D01D41C3EA3910056B10C /* Build configuration list for PBXProject "Lecture" */ = {
			isa = XCConfigurationList;
			buildConfigurations = (
				2D1D02041C3EA3910056B10C /* Debug */,
				2D1D02051C3EA3910056B10C /* Release */,
			);
			defaultConfigurationIsVisible = 0;
			defaultConfigurationName = Release;
		};
		2D1D02061C3EA3910056B10C /* Build configuration list for PBXNativeTarget "Lecture" */ = {
			isa = XCConfigurationList;
			buildConfigurations = (
				2D1D02071C3EA3910056B10C /* Debug */,
				2D1D02081C3EA3910056B10C /* Release */,
			);
			defaultConfigurationIsVisible = 0;
			defaultConfigurationName = Release;
		};
		2D1D02091C3EA3910056B10C /* Build configuration list for PBXNativeTarget "LectureTests" */ = {
			isa = XCConfigurationList;
			buildConfigurations = (
				2D1D020A1C3EA3910056B10C /* Debug */,
				2D1D020B1C3EA3910056B10C /* Release */,
			);
			defaultConfigurationIsVisible = 0;
			defaultConfigurationName = Release;
		};
		2D1D020C1C3EA3910056B10C /* Build configuration list for PBXNativeTarget "LectureUITests" */ = {
			isa = XCConfigurationList;
			buildConfigurations = (
				2D1D020D1C3EA3910056B10C /* Debug */,
				2D1D020E1C3EA3910056B10C /* Release */,
			);
			defaultConfigurationIsVisible = 0;
			defaultConfigurationName = Release;
		};
/* End XCConfigurationList section */
	};
	rootObject = 2D1D01D11C3EA3910056B10C /* Project object */;
}
